
Microsoft Visual Studio Solution File, Format Version 12.00
# Visual Studio Version 16
VisualStudioVersion = 16.0.30114.105
MinimumVisualStudioVersion = 10.0.40219.1
Project("{9A19103F-16F7-4668-BE54-9A1E7A4F7556}") = "Primeiro", "Primeiro\Primeiro.csproj", "{09336C52-4F75-44EB-A25A-25ECF64FC5B3}"
EndProject
Project("{9A19103F-16F7-4668-BE54-9A1E7A4F7556}") = "Segundo", "Segundo\Segundo.csproj", "{83981CAE-ED1B-4D56-9B81-C19BC5ABB254}"
EndProject
Project("{2150E333-8FDC-42A3-9474-1A3956D46DE8}") = "Exercicios_Poo", "Exercicios_Poo", "{9EB1E53A-2056-40D8-898E-3B2060D4E1A2}"
EndProject
Project("{9A19103F-16F7-4668-BE54-9A1E7A4F7556}") = "ContaBancaria", "Exercicios_Poo\ContaBancaria\ContaBancaria.csproj", "{2BE2C81E-26DD-49FA-ADFF-8B44C0849CA6}"
EndProject
Project("{9A19103F-16F7-4668-BE54-9A1E7A4F7556}") = "Exercicio_Static", "Exercicios_Poo\Exercicio_Static\Exercicio_Static.csproj", "{0B0D8DBE-7F52-47D1-B82A-79F6A55FAE7D}"
EndProject
Project("{9A19103F-16F7-4668-BE54-9A1E7A4F7556}") = "Exercicio1", "Exercicios_Poo\Exercicio1\Exercicio1.csproj", "{7C6EED1B-887B-469C-8BEA-8B03E812833D}"
EndProject
Project("{9A19103F-16F7-4668-BE54-9A1E7A4F7556}") = "Exercicio2", "Exercicios_Poo\Exercicio2\Exercicio2.csproj", "{104BE2FA-53E6-4D8B-A9D3-1E6F128B30D3}"
EndProject
Project("{9A19103F-16F7-4668-BE54-9A1E7A4F7556}") = "Exercicio3", "Exercicios_Poo\Exercicio3\Exercicio3.csproj", "{C2CF289B-A04D-4D37-9D82-478E3A0587EA}"
EndProject
Project("{2150E333-8FDC-42A3-9474-1A3956D46DE8}") = "Exercicicos", "Exercicicos", "{F3B80ED1-2487-42CB-8677-974159422581}"
EndProject
Project("{9A19103F-16F7-4668-BE54-9A1E7A4F7556}") = "Exercicio1", "Exercicicos\Exercicio1\Exercicio1.csproj", "{9A04CA77-CE5B-47B9-9F9E-0EABADAE61B7}"
EndProject
Project("{9A19103F-16F7-4668-BE54-9A1E7A4F7556}") = "Exercicio2", "Exercicicos\Exercicio2\Exercicio2.csproj", "{32E4ADA3-A8DC-4279-A68B-2D915028D18F}"
EndProject
Project("{9A19103F-16F7-4668-BE54-9A1E7A4F7556}") = "Exercicio3", "Exercicicos\Exercicio3\Exercicio3.csproj", "{7C91C859-A482-45E8-BF40-0880C71D3F6C}"
EndProject
Project("{9A19103F-16F7-4668-BE54-9A1E7A4F7556}") = "teste", "Exercicicos\Exercicio4\teste.csproj", "{414D90B8-8B09-47F1-BBD7-CE0148D256E9}"
EndProject
Project("{9A19103F-16F7-4668-BE54-9A1E7A4F7556}") = "Exercicio5", "Exercicicos\Exercicio5\Exercicio5.csproj", "{B92BB662-137B-4B52-AF89-DF1C3F8927EF}"
EndProject
Project("{9A19103F-16F7-4668-BE54-9A1E7A4F7556}") = "Exercicio6", "Exercicicos\Exercicio6\Exercicio6.csproj", "{E9C7E943-E4E0-4F87-A770-26CB6A0EEA50}"
EndProject
Project("{9A19103F-16F7-4668-BE54-9A1E7A4F7556}") = "Exercicio7", "Exercicicos\Exercicio7\Exercicio7.csproj", "{9AE878FC-84C8-47F5-A431-8B488365D130}"
EndProject
Project("{9A19103F-16F7-4668-BE54-9A1E7A4F7556}") = "Exercicio8", "Exercicicos\Exercicio8\Exercicio8.csproj", "{C9A86D98-C6B2-41F2-9E49-8CAA77C5D6A5}"
EndProject
Project("{9A19103F-16F7-4668-BE54-9A1E7A4F7556}") = "Exercicio9", "Exercicicos\Exercicio9\Exercicio9.csproj", "{09BD475A-094A-4305-9A88-0EB97F42D4D2}"
EndProject
Project("{9A19103F-16F7-4668-BE54-9A1E7A4F7556}") = "Exercicio10", "Exercicicos\Exercicio10\Exercicio10.csproj", "{38EB1EB7-2B73-4EF8-9ABF-4A8888A86E45}"
EndProject
Project("{9A19103F-16F7-4668-BE54-9A1E7A4F7556}") = "Exercicio11", "Exercicicos\Exercicio11\Exercicio11.csproj", "{40E53775-C514-484A-B82F-E3834798BB62}"
EndProject
Project("{9A19103F-16F7-4668-BE54-9A1E7A4F7556}") = "Exerciccios12", "Exercicicos\Exerciccios12\Exerciccios12.csproj", "{E5A5F7CA-8FD9-4ED9-9F6C-B205EB8D3103}"
EndProject
Project("{9A19103F-16F7-4668-BE54-9A1E7A4F7556}") = "Structs", "Structs\Structs.csproj", "{E834D8A3-995C-48B2-966D-A0778C6FD1F5}"
EndProject
Project("{9A19103F-16F7-4668-BE54-9A1E7A4F7556}") = "Altura", "Altura\Altura.csproj", "{3E074F42-5401-4EF9-B9FD-A9557DFF4C2B}"
EndProject
Project("{9A19103F-16F7-4668-BE54-9A1E7A4F7556}") = "ProdutoVec", "ProdutoVec\ProdutoVec.csproj", "{1F58A4B7-06A4-4D0C-A60A-F829330B20A2}"
EndProject
Project("{9A19103F-16F7-4668-BE54-9A1E7A4F7556}") = "Aluguel", "Aluguel\Aluguel.csproj", "{9F879E79-506F-459C-B7CD-795F4DCF5E34}"
EndProject
Project("{9A19103F-16F7-4668-BE54-9A1E7A4F7556}") = "Ref", "Ref\Ref.csproj", "{C52D6823-F296-41EF-9F3E-C1673FD8C707}"
EndProject
Project("{9A19103F-16F7-4668-BE54-9A1E7A4F7556}") = "Listas", "ConsoleApp1\Listas.csproj", "{692075DF-DF36-40C8-8D00-901365F6BC48}"
EndProject
Project("{9A19103F-16F7-4668-BE54-9A1E7A4F7556}") = "Funcionarios", "Exercicios_Poo\Funcionarios\Funcionarios.csproj", "{46587776-89DE-43FE-85CF-526DF1B804C3}"
EndProject
Project("{9A19103F-16F7-4668-BE54-9A1E7A4F7556}") = "matriz", "matriz\matriz.csproj", "{073FDFAC-EA69-4377-9E24-CB1DB2D1F8E4}"
EndProject
Project("{9A19103F-16F7-4668-BE54-9A1E7A4F7556}") = "matriz_Ex1", "Exercicicos\matriz_Ex1\matriz_Ex1.csproj", "{61238626-E984-41F3-B5FA-ADF795B248B0}"
EndProject
Project("{9A19103F-16F7-4668-BE54-9A1E7A4F7556}") = "OperadorTernario", "Exercicicos\OperadorTernario\OperadorTernario.csproj", "{284EFB53-76AF-40F4-8EBB-B03A32356FD8}"
EndProject
Project("{9A19103F-16F7-4668-BE54-9A1E7A4F7556}") = "Funcoes_Strings", "Exercicicos\Funcoes_Strings\Funcoes_Strings.csproj", "{532D8361-0679-445C-8BB8-67275AC16DF1}"
EndProject
Project("{9A19103F-16F7-4668-BE54-9A1E7A4F7556}") = "DateTimee", "Exercicicos\DateTime\DateTimee.csproj", "{92B01FA0-FF41-440B-83F1-12FDC901F73B}"
EndProject
Global
	GlobalSection(SolutionConfigurationPlatforms) = preSolution
		Debug|Any CPU = Debug|Any CPU
		Debug|x64 = Debug|x64
		Debug|x86 = Debug|x86
		Release|Any CPU = Release|Any CPU
		Release|x64 = Release|x64
		Release|x86 = Release|x86
	EndGlobalSection
	GlobalSection(ProjectConfigurationPlatforms) = postSolution
		{09336C52-4F75-44EB-A25A-25ECF64FC5B3}.Debug|Any CPU.ActiveCfg = Debug|Any CPU
		{09336C52-4F75-44EB-A25A-25ECF64FC5B3}.Debug|Any CPU.Build.0 = Debug|Any CPU
		{09336C52-4F75-44EB-A25A-25ECF64FC5B3}.Debug|x64.ActiveCfg = Debug|Any CPU
		{09336C52-4F75-44EB-A25A-25ECF64FC5B3}.Debug|x64.Build.0 = Debug|Any CPU
		{09336C52-4F75-44EB-A25A-25ECF64FC5B3}.Debug|x86.ActiveCfg = Debug|Any CPU
		{09336C52-4F75-44EB-A25A-25ECF64FC5B3}.Debug|x86.Build.0 = Debug|Any CPU
		{09336C52-4F75-44EB-A25A-25ECF64FC5B3}.Release|Any CPU.ActiveCfg = Release|Any CPU
		{09336C52-4F75-44EB-A25A-25ECF64FC5B3}.Release|Any CPU.Build.0 = Release|Any CPU
		{09336C52-4F75-44EB-A25A-25ECF64FC5B3}.Release|x64.ActiveCfg = Release|Any CPU
		{09336C52-4F75-44EB-A25A-25ECF64FC5B3}.Release|x64.Build.0 = Release|Any CPU
		{09336C52-4F75-44EB-A25A-25ECF64FC5B3}.Release|x86.ActiveCfg = Release|Any CPU
		{09336C52-4F75-44EB-A25A-25ECF64FC5B3}.Release|x86.Build.0 = Release|Any CPU
		{83981CAE-ED1B-4D56-9B81-C19BC5ABB254}.Debug|Any CPU.ActiveCfg = Debug|Any CPU
		{83981CAE-ED1B-4D56-9B81-C19BC5ABB254}.Debug|Any CPU.Build.0 = Debug|Any CPU
		{83981CAE-ED1B-4D56-9B81-C19BC5ABB254}.Debug|x64.ActiveCfg = Debug|Any CPU
		{83981CAE-ED1B-4D56-9B81-C19BC5ABB254}.Debug|x64.Build.0 = Debug|Any CPU
		{83981CAE-ED1B-4D56-9B81-C19BC5ABB254}.Debug|x86.ActiveCfg = Debug|Any CPU
		{83981CAE-ED1B-4D56-9B81-C19BC5ABB254}.Debug|x86.Build.0 = Debug|Any CPU
		{83981CAE-ED1B-4D56-9B81-C19BC5ABB254}.Release|Any CPU.ActiveCfg = Release|Any CPU
		{83981CAE-ED1B-4D56-9B81-C19BC5ABB254}.Release|Any CPU.Build.0 = Release|Any CPU
		{83981CAE-ED1B-4D56-9B81-C19BC5ABB254}.Release|x64.ActiveCfg = Release|Any CPU
		{83981CAE-ED1B-4D56-9B81-C19BC5ABB254}.Release|x64.Build.0 = Release|Any CPU
		{83981CAE-ED1B-4D56-9B81-C19BC5ABB254}.Release|x86.ActiveCfg = Release|Any CPU
		{83981CAE-ED1B-4D56-9B81-C19BC5ABB254}.Release|x86.Build.0 = Release|Any CPU
		{2BE2C81E-26DD-49FA-ADFF-8B44C0849CA6}.Debug|Any CPU.ActiveCfg = Debug|Any CPU
		{2BE2C81E-26DD-49FA-ADFF-8B44C0849CA6}.Debug|Any CPU.Build.0 = Debug|Any CPU
		{2BE2C81E-26DD-49FA-ADFF-8B44C0849CA6}.Debug|x64.ActiveCfg = Debug|Any CPU
		{2BE2C81E-26DD-49FA-ADFF-8B44C0849CA6}.Debug|x64.Build.0 = Debug|Any CPU
		{2BE2C81E-26DD-49FA-ADFF-8B44C0849CA6}.Debug|x86.ActiveCfg = Debug|Any CPU
		{2BE2C81E-26DD-49FA-ADFF-8B44C0849CA6}.Debug|x86.Build.0 = Debug|Any CPU
		{2BE2C81E-26DD-49FA-ADFF-8B44C0849CA6}.Release|Any CPU.ActiveCfg = Release|Any CPU
		{2BE2C81E-26DD-49FA-ADFF-8B44C0849CA6}.Release|Any CPU.Build.0 = Release|Any CPU
		{2BE2C81E-26DD-49FA-ADFF-8B44C0849CA6}.Release|x64.ActiveCfg = Release|Any CPU
		{2BE2C81E-26DD-49FA-ADFF-8B44C0849CA6}.Release|x64.Build.0 = Release|Any CPU
		{2BE2C81E-26DD-49FA-ADFF-8B44C0849CA6}.Release|x86.ActiveCfg = Release|Any CPU
		{2BE2C81E-26DD-49FA-ADFF-8B44C0849CA6}.Release|x86.Build.0 = Release|Any CPU
		{0B0D8DBE-7F52-47D1-B82A-79F6A55FAE7D}.Debug|Any CPU.ActiveCfg = Debug|Any CPU
		{0B0D8DBE-7F52-47D1-B82A-79F6A55FAE7D}.Debug|Any CPU.Build.0 = Debug|Any CPU
		{0B0D8DBE-7F52-47D1-B82A-79F6A55FAE7D}.Debug|x64.ActiveCfg = Debug|Any CPU
		{0B0D8DBE-7F52-47D1-B82A-79F6A55FAE7D}.Debug|x64.Build.0 = Debug|Any CPU
		{0B0D8DBE-7F52-47D1-B82A-79F6A55FAE7D}.Debug|x86.ActiveCfg = Debug|Any CPU
		{0B0D8DBE-7F52-47D1-B82A-79F6A55FAE7D}.Debug|x86.Build.0 = Debug|Any CPU
		{0B0D8DBE-7F52-47D1-B82A-79F6A55FAE7D}.Release|Any CPU.ActiveCfg = Release|Any CPU
		{0B0D8DBE-7F52-47D1-B82A-79F6A55FAE7D}.Release|Any CPU.Build.0 = Release|Any CPU
		{0B0D8DBE-7F52-47D1-B82A-79F6A55FAE7D}.Release|x64.ActiveCfg = Release|Any CPU
		{0B0D8DBE-7F52-47D1-B82A-79F6A55FAE7D}.Release|x64.Build.0 = Release|Any CPU
		{0B0D8DBE-7F52-47D1-B82A-79F6A55FAE7D}.Release|x86.ActiveCfg = Release|Any CPU
		{0B0D8DBE-7F52-47D1-B82A-79F6A55FAE7D}.Release|x86.Build.0 = Release|Any CPU
		{7C6EED1B-887B-469C-8BEA-8B03E812833D}.Debug|Any CPU.ActiveCfg = Debug|Any CPU
		{7C6EED1B-887B-469C-8BEA-8B03E812833D}.Debug|Any CPU.Build.0 = Debug|Any CPU
		{7C6EED1B-887B-469C-8BEA-8B03E812833D}.Debug|x64.ActiveCfg = Debug|Any CPU
		{7C6EED1B-887B-469C-8BEA-8B03E812833D}.Debug|x64.Build.0 = Debug|Any CPU
		{7C6EED1B-887B-469C-8BEA-8B03E812833D}.Debug|x86.ActiveCfg = Debug|Any CPU
		{7C6EED1B-887B-469C-8BEA-8B03E812833D}.Debug|x86.Build.0 = Debug|Any CPU
		{7C6EED1B-887B-469C-8BEA-8B03E812833D}.Release|Any CPU.ActiveCfg = Release|Any CPU
		{7C6EED1B-887B-469C-8BEA-8B03E812833D}.Release|Any CPU.Build.0 = Release|Any CPU
		{7C6EED1B-887B-469C-8BEA-8B03E812833D}.Release|x64.ActiveCfg = Release|Any CPU
		{7C6EED1B-887B-469C-8BEA-8B03E812833D}.Release|x64.Build.0 = Release|Any CPU
		{7C6EED1B-887B-469C-8BEA-8B03E812833D}.Release|x86.ActiveCfg = Release|Any CPU
		{7C6EED1B-887B-469C-8BEA-8B03E812833D}.Release|x86.Build.0 = Release|Any CPU
		{104BE2FA-53E6-4D8B-A9D3-1E6F128B30D3}.Debug|Any CPU.ActiveCfg = Debug|Any CPU
		{104BE2FA-53E6-4D8B-A9D3-1E6F128B30D3}.Debug|Any CPU.Build.0 = Debug|Any CPU
		{104BE2FA-53E6-4D8B-A9D3-1E6F128B30D3}.Debug|x64.ActiveCfg = Debug|Any CPU
		{104BE2FA-53E6-4D8B-A9D3-1E6F128B30D3}.Debug|x64.Build.0 = Debug|Any CPU
		{104BE2FA-53E6-4D8B-A9D3-1E6F128B30D3}.Debug|x86.ActiveCfg = Debug|Any CPU
		{104BE2FA-53E6-4D8B-A9D3-1E6F128B30D3}.Debug|x86.Build.0 = Debug|Any CPU
		{104BE2FA-53E6-4D8B-A9D3-1E6F128B30D3}.Release|Any CPU.ActiveCfg = Release|Any CPU
		{104BE2FA-53E6-4D8B-A9D3-1E6F128B30D3}.Release|Any CPU.Build.0 = Release|Any CPU
		{104BE2FA-53E6-4D8B-A9D3-1E6F128B30D3}.Release|x64.ActiveCfg = Release|Any CPU
		{104BE2FA-53E6-4D8B-A9D3-1E6F128B30D3}.Release|x64.Build.0 = Release|Any CPU
		{104BE2FA-53E6-4D8B-A9D3-1E6F128B30D3}.Release|x86.ActiveCfg = Release|Any CPU
		{104BE2FA-53E6-4D8B-A9D3-1E6F128B30D3}.Release|x86.Build.0 = Release|Any CPU
		{C2CF289B-A04D-4D37-9D82-478E3A0587EA}.Debug|Any CPU.ActiveCfg = Debug|Any CPU
		{C2CF289B-A04D-4D37-9D82-478E3A0587EA}.Debug|Any CPU.Build.0 = Debug|Any CPU
		{C2CF289B-A04D-4D37-9D82-478E3A0587EA}.Debug|x64.ActiveCfg = Debug|Any CPU
		{C2CF289B-A04D-4D37-9D82-478E3A0587EA}.Debug|x64.Build.0 = Debug|Any CPU
		{C2CF289B-A04D-4D37-9D82-478E3A0587EA}.Debug|x86.ActiveCfg = Debug|Any CPU
		{C2CF289B-A04D-4D37-9D82-478E3A0587EA}.Debug|x86.Build.0 = Debug|Any CPU
		{C2CF289B-A04D-4D37-9D82-478E3A0587EA}.Release|Any CPU.ActiveCfg = Release|Any CPU
		{C2CF289B-A04D-4D37-9D82-478E3A0587EA}.Release|Any CPU.Build.0 = Release|Any CPU
		{C2CF289B-A04D-4D37-9D82-478E3A0587EA}.Release|x64.ActiveCfg = Release|Any CPU
		{C2CF289B-A04D-4D37-9D82-478E3A0587EA}.Release|x64.Build.0 = Release|Any CPU
		{C2CF289B-A04D-4D37-9D82-478E3A0587EA}.Release|x86.ActiveCfg = Release|Any CPU
		{C2CF289B-A04D-4D37-9D82-478E3A0587EA}.Release|x86.Build.0 = Release|Any CPU
		{9A04CA77-CE5B-47B9-9F9E-0EABADAE61B7}.Debug|Any CPU.ActiveCfg = Debug|Any CPU
		{9A04CA77-CE5B-47B9-9F9E-0EABADAE61B7}.Debug|Any CPU.Build.0 = Debug|Any CPU
		{9A04CA77-CE5B-47B9-9F9E-0EABADAE61B7}.Debug|x64.ActiveCfg = Debug|Any CPU
		{9A04CA77-CE5B-47B9-9F9E-0EABADAE61B7}.Debug|x64.Build.0 = Debug|Any CPU
		{9A04CA77-CE5B-47B9-9F9E-0EABADAE61B7}.Debug|x86.ActiveCfg = Debug|Any CPU
		{9A04CA77-CE5B-47B9-9F9E-0EABADAE61B7}.Debug|x86.Build.0 = Debug|Any CPU
		{9A04CA77-CE5B-47B9-9F9E-0EABADAE61B7}.Release|Any CPU.ActiveCfg = Release|Any CPU
		{9A04CA77-CE5B-47B9-9F9E-0EABADAE61B7}.Release|Any CPU.Build.0 = Release|Any CPU
		{9A04CA77-CE5B-47B9-9F9E-0EABADAE61B7}.Release|x64.ActiveCfg = Release|Any CPU
		{9A04CA77-CE5B-47B9-9F9E-0EABADAE61B7}.Release|x64.Build.0 = Release|Any CPU
		{9A04CA77-CE5B-47B9-9F9E-0EABADAE61B7}.Release|x86.ActiveCfg = Release|Any CPU
		{9A04CA77-CE5B-47B9-9F9E-0EABADAE61B7}.Release|x86.Build.0 = Release|Any CPU
		{32E4ADA3-A8DC-4279-A68B-2D915028D18F}.Debug|Any CPU.ActiveCfg = Debug|Any CPU
		{32E4ADA3-A8DC-4279-A68B-2D915028D18F}.Debug|Any CPU.Build.0 = Debug|Any CPU
		{32E4ADA3-A8DC-4279-A68B-2D915028D18F}.Debug|x64.ActiveCfg = Debug|Any CPU
		{32E4ADA3-A8DC-4279-A68B-2D915028D18F}.Debug|x64.Build.0 = Debug|Any CPU
		{32E4ADA3-A8DC-4279-A68B-2D915028D18F}.Debug|x86.ActiveCfg = Debug|Any CPU
		{32E4ADA3-A8DC-4279-A68B-2D915028D18F}.Debug|x86.Build.0 = Debug|Any CPU
		{32E4ADA3-A8DC-4279-A68B-2D915028D18F}.Release|Any CPU.ActiveCfg = Release|Any CPU
		{32E4ADA3-A8DC-4279-A68B-2D915028D18F}.Release|Any CPU.Build.0 = Release|Any CPU
		{32E4ADA3-A8DC-4279-A68B-2D915028D18F}.Release|x64.ActiveCfg = Release|Any CPU
		{32E4ADA3-A8DC-4279-A68B-2D915028D18F}.Release|x64.Build.0 = Release|Any CPU
		{32E4ADA3-A8DC-4279-A68B-2D915028D18F}.Release|x86.ActiveCfg = Release|Any CPU
		{32E4ADA3-A8DC-4279-A68B-2D915028D18F}.Release|x86.Build.0 = Release|Any CPU
		{7C91C859-A482-45E8-BF40-0880C71D3F6C}.Debug|Any CPU.ActiveCfg = Debug|Any CPU
		{7C91C859-A482-45E8-BF40-0880C71D3F6C}.Debug|Any CPU.Build.0 = Debug|Any CPU
		{7C91C859-A482-45E8-BF40-0880C71D3F6C}.Debug|x64.ActiveCfg = Debug|Any CPU
		{7C91C859-A482-45E8-BF40-0880C71D3F6C}.Debug|x64.Build.0 = Debug|Any CPU
		{7C91C859-A482-45E8-BF40-0880C71D3F6C}.Debug|x86.ActiveCfg = Debug|Any CPU
		{7C91C859-A482-45E8-BF40-0880C71D3F6C}.Debug|x86.Build.0 = Debug|Any CPU
		{7C91C859-A482-45E8-BF40-0880C71D3F6C}.Release|Any CPU.ActiveCfg = Release|Any CPU
		{7C91C859-A482-45E8-BF40-0880C71D3F6C}.Release|Any CPU.Build.0 = Release|Any CPU
		{7C91C859-A482-45E8-BF40-0880C71D3F6C}.Release|x64.ActiveCfg = Release|Any CPU
		{7C91C859-A482-45E8-BF40-0880C71D3F6C}.Release|x64.Build.0 = Release|Any CPU
		{7C91C859-A482-45E8-BF40-0880C71D3F6C}.Release|x86.ActiveCfg = Release|Any CPU
		{7C91C859-A482-45E8-BF40-0880C71D3F6C}.Release|x86.Build.0 = Release|Any CPU
		{414D90B8-8B09-47F1-BBD7-CE0148D256E9}.Debug|Any CPU.ActiveCfg = Debug|Any CPU
		{414D90B8-8B09-47F1-BBD7-CE0148D256E9}.Debug|Any CPU.Build.0 = Debug|Any CPU
		{414D90B8-8B09-47F1-BBD7-CE0148D256E9}.Debug|x64.ActiveCfg = Debug|Any CPU
		{414D90B8-8B09-47F1-BBD7-CE0148D256E9}.Debug|x64.Build.0 = Debug|Any CPU
		{414D90B8-8B09-47F1-BBD7-CE0148D256E9}.Debug|x86.ActiveCfg = Debug|Any CPU
		{414D90B8-8B09-47F1-BBD7-CE0148D256E9}.Debug|x86.Build.0 = Debug|Any CPU
		{414D90B8-8B09-47F1-BBD7-CE0148D256E9}.Release|Any CPU.ActiveCfg = Release|Any CPU
		{414D90B8-8B09-47F1-BBD7-CE0148D256E9}.Release|Any CPU.Build.0 = Release|Any CPU
		{414D90B8-8B09-47F1-BBD7-CE0148D256E9}.Release|x64.ActiveCfg = Release|Any CPU
		{414D90B8-8B09-47F1-BBD7-CE0148D256E9}.Release|x64.Build.0 = Release|Any CPU
		{414D90B8-8B09-47F1-BBD7-CE0148D256E9}.Release|x86.ActiveCfg = Release|Any CPU
		{414D90B8-8B09-47F1-BBD7-CE0148D256E9}.Release|x86.Build.0 = Release|Any CPU
		{B92BB662-137B-4B52-AF89-DF1C3F8927EF}.Debug|Any CPU.ActiveCfg = Debug|Any CPU
		{B92BB662-137B-4B52-AF89-DF1C3F8927EF}.Debug|Any CPU.Build.0 = Debug|Any CPU
		{B92BB662-137B-4B52-AF89-DF1C3F8927EF}.Debug|x64.ActiveCfg = Debug|Any CPU
		{B92BB662-137B-4B52-AF89-DF1C3F8927EF}.Debug|x64.Build.0 = Debug|Any CPU
		{B92BB662-137B-4B52-AF89-DF1C3F8927EF}.Debug|x86.ActiveCfg = Debug|Any CPU
		{B92BB662-137B-4B52-AF89-DF1C3F8927EF}.Debug|x86.Build.0 = Debug|Any CPU
		{B92BB662-137B-4B52-AF89-DF1C3F8927EF}.Release|Any CPU.ActiveCfg = Release|Any CPU
		{B92BB662-137B-4B52-AF89-DF1C3F8927EF}.Release|Any CPU.Build.0 = Release|Any CPU
		{B92BB662-137B-4B52-AF89-DF1C3F8927EF}.Release|x64.ActiveCfg = Release|Any CPU
		{B92BB662-137B-4B52-AF89-DF1C3F8927EF}.Release|x64.Build.0 = Release|Any CPU
		{B92BB662-137B-4B52-AF89-DF1C3F8927EF}.Release|x86.ActiveCfg = Release|Any CPU
		{B92BB662-137B-4B52-AF89-DF1C3F8927EF}.Release|x86.Build.0 = Release|Any CPU
		{E9C7E943-E4E0-4F87-A770-26CB6A0EEA50}.Debug|Any CPU.ActiveCfg = Debug|Any CPU
		{E9C7E943-E4E0-4F87-A770-26CB6A0EEA50}.Debug|Any CPU.Build.0 = Debug|Any CPU
		{E9C7E943-E4E0-4F87-A770-26CB6A0EEA50}.Debug|x64.ActiveCfg = Debug|Any CPU
		{E9C7E943-E4E0-4F87-A770-26CB6A0EEA50}.Debug|x64.Build.0 = Debug|Any CPU
		{E9C7E943-E4E0-4F87-A770-26CB6A0EEA50}.Debug|x86.ActiveCfg = Debug|Any CPU
		{E9C7E943-E4E0-4F87-A770-26CB6A0EEA50}.Debug|x86.Build.0 = Debug|Any CPU
		{E9C7E943-E4E0-4F87-A770-26CB6A0EEA50}.Release|Any CPU.ActiveCfg = Release|Any CPU
		{E9C7E943-E4E0-4F87-A770-26CB6A0EEA50}.Release|Any CPU.Build.0 = Release|Any CPU
		{E9C7E943-E4E0-4F87-A770-26CB6A0EEA50}.Release|x64.ActiveCfg = Release|Any CPU
		{E9C7E943-E4E0-4F87-A770-26CB6A0EEA50}.Release|x64.Build.0 = Release|Any CPU
		{E9C7E943-E4E0-4F87-A770-26CB6A0EEA50}.Release|x86.ActiveCfg = Release|Any CPU
		{E9C7E943-E4E0-4F87-A770-26CB6A0EEA50}.Release|x86.Build.0 = Release|Any CPU
		{9AE878FC-84C8-47F5-A431-8B488365D130}.Debug|Any CPU.ActiveCfg = Debug|Any CPU
		{9AE878FC-84C8-47F5-A431-8B488365D130}.Debug|Any CPU.Build.0 = Debug|Any CPU
		{9AE878FC-84C8-47F5-A431-8B488365D130}.Debug|x64.ActiveCfg = Debug|Any CPU
		{9AE878FC-84C8-47F5-A431-8B488365D130}.Debug|x64.Build.0 = Debug|Any CPU
		{9AE878FC-84C8-47F5-A431-8B488365D130}.Debug|x86.ActiveCfg = Debug|Any CPU
		{9AE878FC-84C8-47F5-A431-8B488365D130}.Debug|x86.Build.0 = Debug|Any CPU
		{9AE878FC-84C8-47F5-A431-8B488365D130}.Release|Any CPU.ActiveCfg = Release|Any CPU
		{9AE878FC-84C8-47F5-A431-8B488365D130}.Release|Any CPU.Build.0 = Release|Any CPU
		{9AE878FC-84C8-47F5-A431-8B488365D130}.Release|x64.ActiveCfg = Release|Any CPU
		{9AE878FC-84C8-47F5-A431-8B488365D130}.Release|x64.Build.0 = Release|Any CPU
		{9AE878FC-84C8-47F5-A431-8B488365D130}.Release|x86.ActiveCfg = Release|Any CPU
		{9AE878FC-84C8-47F5-A431-8B488365D130}.Release|x86.Build.0 = Release|Any CPU
		{C9A86D98-C6B2-41F2-9E49-8CAA77C5D6A5}.Debug|Any CPU.ActiveCfg = Debug|Any CPU
		{C9A86D98-C6B2-41F2-9E49-8CAA77C5D6A5}.Debug|Any CPU.Build.0 = Debug|Any CPU
		{C9A86D98-C6B2-41F2-9E49-8CAA77C5D6A5}.Debug|x64.ActiveCfg = Debug|Any CPU
		{C9A86D98-C6B2-41F2-9E49-8CAA77C5D6A5}.Debug|x64.Build.0 = Debug|Any CPU
		{C9A86D98-C6B2-41F2-9E49-8CAA77C5D6A5}.Debug|x86.ActiveCfg = Debug|Any CPU
		{C9A86D98-C6B2-41F2-9E49-8CAA77C5D6A5}.Debug|x86.Build.0 = Debug|Any CPU
		{C9A86D98-C6B2-41F2-9E49-8CAA77C5D6A5}.Release|Any CPU.ActiveCfg = Release|Any CPU
		{C9A86D98-C6B2-41F2-9E49-8CAA77C5D6A5}.Release|Any CPU.Build.0 = Release|Any CPU
		{C9A86D98-C6B2-41F2-9E49-8CAA77C5D6A5}.Release|x64.ActiveCfg = Release|Any CPU
		{C9A86D98-C6B2-41F2-9E49-8CAA77C5D6A5}.Release|x64.Build.0 = Release|Any CPU
		{C9A86D98-C6B2-41F2-9E49-8CAA77C5D6A5}.Release|x86.ActiveCfg = Release|Any CPU
		{C9A86D98-C6B2-41F2-9E49-8CAA77C5D6A5}.Release|x86.Build.0 = Release|Any CPU
		{09BD475A-094A-4305-9A88-0EB97F42D4D2}.Debug|Any CPU.ActiveCfg = Debug|Any CPU
		{09BD475A-094A-4305-9A88-0EB97F42D4D2}.Debug|Any CPU.Build.0 = Debug|Any CPU
		{09BD475A-094A-4305-9A88-0EB97F42D4D2}.Debug|x64.ActiveCfg = Debug|Any CPU
		{09BD475A-094A-4305-9A88-0EB97F42D4D2}.Debug|x64.Build.0 = Debug|Any CPU
		{09BD475A-094A-4305-9A88-0EB97F42D4D2}.Debug|x86.ActiveCfg = Debug|Any CPU
		{09BD475A-094A-4305-9A88-0EB97F42D4D2}.Debug|x86.Build.0 = Debug|Any CPU
		{09BD475A-094A-4305-9A88-0EB97F42D4D2}.Release|Any CPU.ActiveCfg = Release|Any CPU
		{09BD475A-094A-4305-9A88-0EB97F42D4D2}.Release|Any CPU.Build.0 = Release|Any CPU
		{09BD475A-094A-4305-9A88-0EB97F42D4D2}.Release|x64.ActiveCfg = Release|Any CPU
		{09BD475A-094A-4305-9A88-0EB97F42D4D2}.Release|x64.Build.0 = Release|Any CPU
		{09BD475A-094A-4305-9A88-0EB97F42D4D2}.Release|x86.ActiveCfg = Release|Any CPU
		{09BD475A-094A-4305-9A88-0EB97F42D4D2}.Release|x86.Build.0 = Release|Any CPU
		{38EB1EB7-2B73-4EF8-9ABF-4A8888A86E45}.Debug|Any CPU.ActiveCfg = Debug|Any CPU
		{38EB1EB7-2B73-4EF8-9ABF-4A8888A86E45}.Debug|Any CPU.Build.0 = Debug|Any CPU
		{38EB1EB7-2B73-4EF8-9ABF-4A8888A86E45}.Debug|x64.ActiveCfg = Debug|Any CPU
		{38EB1EB7-2B73-4EF8-9ABF-4A8888A86E45}.Debug|x64.Build.0 = Debug|Any CPU
		{38EB1EB7-2B73-4EF8-9ABF-4A8888A86E45}.Debug|x86.ActiveCfg = Debug|Any CPU
		{38EB1EB7-2B73-4EF8-9ABF-4A8888A86E45}.Debug|x86.Build.0 = Debug|Any CPU
		{38EB1EB7-2B73-4EF8-9ABF-4A8888A86E45}.Release|Any CPU.ActiveCfg = Release|Any CPU
		{38EB1EB7-2B73-4EF8-9ABF-4A8888A86E45}.Release|Any CPU.Build.0 = Release|Any CPU
		{38EB1EB7-2B73-4EF8-9ABF-4A8888A86E45}.Release|x64.ActiveCfg = Release|Any CPU
		{38EB1EB7-2B73-4EF8-9ABF-4A8888A86E45}.Release|x64.Build.0 = Release|Any CPU
		{38EB1EB7-2B73-4EF8-9ABF-4A8888A86E45}.Release|x86.ActiveCfg = Release|Any CPU
		{38EB1EB7-2B73-4EF8-9ABF-4A8888A86E45}.Release|x86.Build.0 = Release|Any CPU
		{40E53775-C514-484A-B82F-E3834798BB62}.Debug|Any CPU.ActiveCfg = Debug|Any CPU
		{40E53775-C514-484A-B82F-E3834798BB62}.Debug|Any CPU.Build.0 = Debug|Any CPU
		{40E53775-C514-484A-B82F-E3834798BB62}.Debug|x64.ActiveCfg = Debug|Any CPU
		{40E53775-C514-484A-B82F-E3834798BB62}.Debug|x64.Build.0 = Debug|Any CPU
		{40E53775-C514-484A-B82F-E3834798BB62}.Debug|x86.ActiveCfg = Debug|Any CPU
		{40E53775-C514-484A-B82F-E3834798BB62}.Debug|x86.Build.0 = Debug|Any CPU
		{40E53775-C514-484A-B82F-E3834798BB62}.Release|Any CPU.ActiveCfg = Release|Any CPU
		{40E53775-C514-484A-B82F-E3834798BB62}.Release|Any CPU.Build.0 = Release|Any CPU
		{40E53775-C514-484A-B82F-E3834798BB62}.Release|x64.ActiveCfg = Release|Any CPU
		{40E53775-C514-484A-B82F-E3834798BB62}.Release|x64.Build.0 = Release|Any CPU
		{40E53775-C514-484A-B82F-E3834798BB62}.Release|x86.ActiveCfg = Release|Any CPU
		{40E53775-C514-484A-B82F-E3834798BB62}.Release|x86.Build.0 = Release|Any CPU
		{E5A5F7CA-8FD9-4ED9-9F6C-B205EB8D3103}.Debug|Any CPU.ActiveCfg = Debug|Any CPU
		{E5A5F7CA-8FD9-4ED9-9F6C-B205EB8D3103}.Debug|Any CPU.Build.0 = Debug|Any CPU
		{E5A5F7CA-8FD9-4ED9-9F6C-B205EB8D3103}.Debug|x64.ActiveCfg = Debug|Any CPU
		{E5A5F7CA-8FD9-4ED9-9F6C-B205EB8D3103}.Debug|x64.Build.0 = Debug|Any CPU
		{E5A5F7CA-8FD9-4ED9-9F6C-B205EB8D3103}.Debug|x86.ActiveCfg = Debug|Any CPU
		{E5A5F7CA-8FD9-4ED9-9F6C-B205EB8D3103}.Debug|x86.Build.0 = Debug|Any CPU
		{E5A5F7CA-8FD9-4ED9-9F6C-B205EB8D3103}.Release|Any CPU.ActiveCfg = Release|Any CPU
		{E5A5F7CA-8FD9-4ED9-9F6C-B205EB8D3103}.Release|Any CPU.Build.0 = Release|Any CPU
		{E5A5F7CA-8FD9-4ED9-9F6C-B205EB8D3103}.Release|x64.ActiveCfg = Release|Any CPU
		{E5A5F7CA-8FD9-4ED9-9F6C-B205EB8D3103}.Release|x64.Build.0 = Release|Any CPU
		{E5A5F7CA-8FD9-4ED9-9F6C-B205EB8D3103}.Release|x86.ActiveCfg = Release|Any CPU
		{E5A5F7CA-8FD9-4ED9-9F6C-B205EB8D3103}.Release|x86.Build.0 = Release|Any CPU
		{E834D8A3-995C-48B2-966D-A0778C6FD1F5}.Debug|Any CPU.ActiveCfg = Debug|Any CPU
		{E834D8A3-995C-48B2-966D-A0778C6FD1F5}.Debug|Any CPU.Build.0 = Debug|Any CPU
		{E834D8A3-995C-48B2-966D-A0778C6FD1F5}.Debug|x64.ActiveCfg = Debug|Any CPU
		{E834D8A3-995C-48B2-966D-A0778C6FD1F5}.Debug|x64.Build.0 = Debug|Any CPU
		{E834D8A3-995C-48B2-966D-A0778C6FD1F5}.Debug|x86.ActiveCfg = Debug|Any CPU
		{E834D8A3-995C-48B2-966D-A0778C6FD1F5}.Debug|x86.Build.0 = Debug|Any CPU
		{E834D8A3-995C-48B2-966D-A0778C6FD1F5}.Release|Any CPU.ActiveCfg = Release|Any CPU
		{E834D8A3-995C-48B2-966D-A0778C6FD1F5}.Release|Any CPU.Build.0 = Release|Any CPU
		{E834D8A3-995C-48B2-966D-A0778C6FD1F5}.Release|x64.ActiveCfg = Release|Any CPU
		{E834D8A3-995C-48B2-966D-A0778C6FD1F5}.Release|x64.Build.0 = Release|Any CPU
		{E834D8A3-995C-48B2-966D-A0778C6FD1F5}.Release|x86.ActiveCfg = Release|Any CPU
		{E834D8A3-995C-48B2-966D-A0778C6FD1F5}.Release|x86.Build.0 = Release|Any CPU
		{3E074F42-5401-4EF9-B9FD-A9557DFF4C2B}.Debug|Any CPU.ActiveCfg = Debug|Any CPU
		{3E074F42-5401-4EF9-B9FD-A9557DFF4C2B}.Debug|Any CPU.Build.0 = Debug|Any CPU
		{3E074F42-5401-4EF9-B9FD-A9557DFF4C2B}.Debug|x64.ActiveCfg = Debug|Any CPU
		{3E074F42-5401-4EF9-B9FD-A9557DFF4C2B}.Debug|x64.Build.0 = Debug|Any CPU
		{3E074F42-5401-4EF9-B9FD-A9557DFF4C2B}.Debug|x86.ActiveCfg = Debug|Any CPU
		{3E074F42-5401-4EF9-B9FD-A9557DFF4C2B}.Debug|x86.Build.0 = Debug|Any CPU
		{3E074F42-5401-4EF9-B9FD-A9557DFF4C2B}.Release|Any CPU.ActiveCfg = Release|Any CPU
		{3E074F42-5401-4EF9-B9FD-A9557DFF4C2B}.Release|Any CPU.Build.0 = Release|Any CPU
		{3E074F42-5401-4EF9-B9FD-A9557DFF4C2B}.Release|x64.ActiveCfg = Release|Any CPU
		{3E074F42-5401-4EF9-B9FD-A9557DFF4C2B}.Release|x64.Build.0 = Release|Any CPU
		{3E074F42-5401-4EF9-B9FD-A9557DFF4C2B}.Release|x86.ActiveCfg = Release|Any CPU
		{3E074F42-5401-4EF9-B9FD-A9557DFF4C2B}.Release|x86.Build.0 = Release|Any CPU
		{1F58A4B7-06A4-4D0C-A60A-F829330B20A2}.Debug|Any CPU.ActiveCfg = Debug|Any CPU
		{1F58A4B7-06A4-4D0C-A60A-F829330B20A2}.Debug|Any CPU.Build.0 = Debug|Any CPU
		{1F58A4B7-06A4-4D0C-A60A-F829330B20A2}.Debug|x64.ActiveCfg = Debug|Any CPU
		{1F58A4B7-06A4-4D0C-A60A-F829330B20A2}.Debug|x64.Build.0 = Debug|Any CPU
		{1F58A4B7-06A4-4D0C-A60A-F829330B20A2}.Debug|x86.ActiveCfg = Debug|Any CPU
		{1F58A4B7-06A4-4D0C-A60A-F829330B20A2}.Debug|x86.Build.0 = Debug|Any CPU
		{1F58A4B7-06A4-4D0C-A60A-F829330B20A2}.Release|Any CPU.ActiveCfg = Release|Any CPU
		{1F58A4B7-06A4-4D0C-A60A-F829330B20A2}.Release|Any CPU.Build.0 = Release|Any CPU
		{1F58A4B7-06A4-4D0C-A60A-F829330B20A2}.Release|x64.ActiveCfg = Release|Any CPU
		{1F58A4B7-06A4-4D0C-A60A-F829330B20A2}.Release|x64.Build.0 = Release|Any CPU
		{1F58A4B7-06A4-4D0C-A60A-F829330B20A2}.Release|x86.ActiveCfg = Release|Any CPU
		{1F58A4B7-06A4-4D0C-A60A-F829330B20A2}.Release|x86.Build.0 = Release|Any CPU
		{9F879E79-506F-459C-B7CD-795F4DCF5E34}.Debug|Any CPU.ActiveCfg = Debug|Any CPU
		{9F879E79-506F-459C-B7CD-795F4DCF5E34}.Debug|Any CPU.Build.0 = Debug|Any CPU
		{9F879E79-506F-459C-B7CD-795F4DCF5E34}.Debug|x64.ActiveCfg = Debug|Any CPU
		{9F879E79-506F-459C-B7CD-795F4DCF5E34}.Debug|x64.Build.0 = Debug|Any CPU
		{9F879E79-506F-459C-B7CD-795F4DCF5E34}.Debug|x86.ActiveCfg = Debug|Any CPU
		{9F879E79-506F-459C-B7CD-795F4DCF5E34}.Debug|x86.Build.0 = Debug|Any CPU
		{9F879E79-506F-459C-B7CD-795F4DCF5E34}.Release|Any CPU.ActiveCfg = Release|Any CPU
		{9F879E79-506F-459C-B7CD-795F4DCF5E34}.Release|Any CPU.Build.0 = Release|Any CPU
		{9F879E79-506F-459C-B7CD-795F4DCF5E34}.Release|x64.ActiveCfg = Release|Any CPU
		{9F879E79-506F-459C-B7CD-795F4DCF5E34}.Release|x64.Build.0 = Release|Any CPU
		{9F879E79-506F-459C-B7CD-795F4DCF5E34}.Release|x86.ActiveCfg = Release|Any CPU
		{9F879E79-506F-459C-B7CD-795F4DCF5E34}.Release|x86.Build.0 = Release|Any CPU
		{C52D6823-F296-41EF-9F3E-C1673FD8C707}.Debug|Any CPU.ActiveCfg = Debug|Any CPU
		{C52D6823-F296-41EF-9F3E-C1673FD8C707}.Debug|Any CPU.Build.0 = Debug|Any CPU
		{C52D6823-F296-41EF-9F3E-C1673FD8C707}.Debug|x64.ActiveCfg = Debug|Any CPU
		{C52D6823-F296-41EF-9F3E-C1673FD8C707}.Debug|x64.Build.0 = Debug|Any CPU
		{C52D6823-F296-41EF-9F3E-C1673FD8C707}.Debug|x86.ActiveCfg = Debug|Any CPU
		{C52D6823-F296-41EF-9F3E-C1673FD8C707}.Debug|x86.Build.0 = Debug|Any CPU
		{C52D6823-F296-41EF-9F3E-C1673FD8C707}.Release|Any CPU.ActiveCfg = Release|Any CPU
		{C52D6823-F296-41EF-9F3E-C1673FD8C707}.Release|Any CPU.Build.0 = Release|Any CPU
		{C52D6823-F296-41EF-9F3E-C1673FD8C707}.Release|x64.ActiveCfg = Release|Any CPU
		{C52D6823-F296-41EF-9F3E-C1673FD8C707}.Release|x64.Build.0 = Release|Any CPU
		{C52D6823-F296-41EF-9F3E-C1673FD8C707}.Release|x86.ActiveCfg = Release|Any CPU
		{C52D6823-F296-41EF-9F3E-C1673FD8C707}.Release|x86.Build.0 = Release|Any CPU
		{692075DF-DF36-40C8-8D00-901365F6BC48}.Debug|Any CPU.ActiveCfg = Debug|Any CPU
		{692075DF-DF36-40C8-8D00-901365F6BC48}.Debug|Any CPU.Build.0 = Debug|Any CPU
		{692075DF-DF36-40C8-8D00-901365F6BC48}.Debug|x64.ActiveCfg = Debug|Any CPU
		{692075DF-DF36-40C8-8D00-901365F6BC48}.Debug|x64.Build.0 = Debug|Any CPU
		{692075DF-DF36-40C8-8D00-901365F6BC48}.Debug|x86.ActiveCfg = Debug|Any CPU
		{692075DF-DF36-40C8-8D00-901365F6BC48}.Debug|x86.Build.0 = Debug|Any CPU
		{692075DF-DF36-40C8-8D00-901365F6BC48}.Release|Any CPU.ActiveCfg = Release|Any CPU
		{692075DF-DF36-40C8-8D00-901365F6BC48}.Release|Any CPU.Build.0 = Release|Any CPU
		{692075DF-DF36-40C8-8D00-901365F6BC48}.Release|x64.ActiveCfg = Release|Any CPU
		{692075DF-DF36-40C8-8D00-901365F6BC48}.Release|x64.Build.0 = Release|Any CPU
		{692075DF-DF36-40C8-8D00-901365F6BC48}.Release|x86.ActiveCfg = Release|Any CPU
		{692075DF-DF36-40C8-8D00-901365F6BC48}.Release|x86.Build.0 = Release|Any CPU
		{46587776-89DE-43FE-85CF-526DF1B804C3}.Debug|Any CPU.ActiveCfg = Debug|Any CPU
		{46587776-89DE-43FE-85CF-526DF1B804C3}.Debug|Any CPU.Build.0 = Debug|Any CPU
		{46587776-89DE-43FE-85CF-526DF1B804C3}.Debug|x64.ActiveCfg = Debug|Any CPU
		{46587776-89DE-43FE-85CF-526DF1B804C3}.Debug|x64.Build.0 = Debug|Any CPU
		{46587776-89DE-43FE-85CF-526DF1B804C3}.Debug|x86.ActiveCfg = Debug|Any CPU
		{46587776-89DE-43FE-85CF-526DF1B804C3}.Debug|x86.Build.0 = Debug|Any CPU
		{46587776-89DE-43FE-85CF-526DF1B804C3}.Release|Any CPU.ActiveCfg = Release|Any CPU
		{46587776-89DE-43FE-85CF-526DF1B804C3}.Release|Any CPU.Build.0 = Release|Any CPU
		{46587776-89DE-43FE-85CF-526DF1B804C3}.Release|x64.ActiveCfg = Release|Any CPU
		{46587776-89DE-43FE-85CF-526DF1B804C3}.Release|x64.Build.0 = Release|Any CPU
		{46587776-89DE-43FE-85CF-526DF1B804C3}.Release|x86.ActiveCfg = Release|Any CPU
		{46587776-89DE-43FE-85CF-526DF1B804C3}.Release|x86.Build.0 = Release|Any CPU
		{073FDFAC-EA69-4377-9E24-CB1DB2D1F8E4}.Debug|Any CPU.ActiveCfg = Debug|Any CPU
		{073FDFAC-EA69-4377-9E24-CB1DB2D1F8E4}.Debug|Any CPU.Build.0 = Debug|Any CPU
		{073FDFAC-EA69-4377-9E24-CB1DB2D1F8E4}.Debug|x64.ActiveCfg = Debug|Any CPU
		{073FDFAC-EA69-4377-9E24-CB1DB2D1F8E4}.Debug|x64.Build.0 = Debug|Any CPU
		{073FDFAC-EA69-4377-9E24-CB1DB2D1F8E4}.Debug|x86.ActiveCfg = Debug|Any CPU
		{073FDFAC-EA69-4377-9E24-CB1DB2D1F8E4}.Debug|x86.Build.0 = Debug|Any CPU
		{073FDFAC-EA69-4377-9E24-CB1DB2D1F8E4}.Release|Any CPU.ActiveCfg = Release|Any CPU
		{073FDFAC-EA69-4377-9E24-CB1DB2D1F8E4}.Release|Any CPU.Build.0 = Release|Any CPU
		{073FDFAC-EA69-4377-9E24-CB1DB2D1F8E4}.Release|x64.ActiveCfg = Release|Any CPU
		{073FDFAC-EA69-4377-9E24-CB1DB2D1F8E4}.Release|x64.Build.0 = Release|Any CPU
		{073FDFAC-EA69-4377-9E24-CB1DB2D1F8E4}.Release|x86.ActiveCfg = Release|Any CPU
		{073FDFAC-EA69-4377-9E24-CB1DB2D1F8E4}.Release|x86.Build.0 = Release|Any CPU
		{61238626-E984-41F3-B5FA-ADF795B248B0}.Debug|Any CPU.ActiveCfg = Debug|Any CPU
		{61238626-E984-41F3-B5FA-ADF795B248B0}.Debug|Any CPU.Build.0 = Debug|Any CPU
		{61238626-E984-41F3-B5FA-ADF795B248B0}.Debug|x64.ActiveCfg = Debug|Any CPU
		{61238626-E984-41F3-B5FA-ADF795B248B0}.Debug|x64.Build.0 = Debug|Any CPU
		{61238626-E984-41F3-B5FA-ADF795B248B0}.Debug|x86.ActiveCfg = Debug|Any CPU
		{61238626-E984-41F3-B5FA-ADF795B248B0}.Debug|x86.Build.0 = Debug|Any CPU
		{61238626-E984-41F3-B5FA-ADF795B248B0}.Release|Any CPU.ActiveCfg = Release|Any CPU
		{61238626-E984-41F3-B5FA-ADF795B248B0}.Release|Any CPU.Build.0 = Release|Any CPU
		{61238626-E984-41F3-B5FA-ADF795B248B0}.Release|x64.ActiveCfg = Release|Any CPU
		{61238626-E984-41F3-B5FA-ADF795B248B0}.Release|x64.Build.0 = Release|Any CPU
		{61238626-E984-41F3-B5FA-ADF795B248B0}.Release|x86.ActiveCfg = Release|Any CPU
		{61238626-E984-41F3-B5FA-ADF795B248B0}.Release|x86.Build.0 = Release|Any CPU
		{284EFB53-76AF-40F4-8EBB-B03A32356FD8}.Debug|Any CPU.ActiveCfg = Debug|Any CPU
		{284EFB53-76AF-40F4-8EBB-B03A32356FD8}.Debug|Any CPU.Build.0 = Debug|Any CPU
		{284EFB53-76AF-40F4-8EBB-B03A32356FD8}.Debug|x64.ActiveCfg = Debug|Any CPU
		{284EFB53-76AF-40F4-8EBB-B03A32356FD8}.Debug|x64.Build.0 = Debug|Any CPU
		{284EFB53-76AF-40F4-8EBB-B03A32356FD8}.Debug|x86.ActiveCfg = Debug|Any CPU
		{284EFB53-76AF-40F4-8EBB-B03A32356FD8}.Debug|x86.Build.0 = Debug|Any CPU
		{284EFB53-76AF-40F4-8EBB-B03A32356FD8}.Release|Any CPU.ActiveCfg = Release|Any CPU
		{284EFB53-76AF-40F4-8EBB-B03A32356FD8}.Release|Any CPU.Build.0 = Release|Any CPU
		{284EFB53-76AF-40F4-8EBB-B03A32356FD8}.Release|x64.ActiveCfg = Release|Any CPU
		{284EFB53-76AF-40F4-8EBB-B03A32356FD8}.Release|x64.Build.0 = Release|Any CPU
		{284EFB53-76AF-40F4-8EBB-B03A32356FD8}.Release|x86.ActiveCfg = Release|Any CPU
		{284EFB53-76AF-40F4-8EBB-B03A32356FD8}.Release|x86.Build.0 = Release|Any CPU
		{532D8361-0679-445C-8BB8-67275AC16DF1}.Debug|Any CPU.ActiveCfg = Debug|Any CPU
		{532D8361-0679-445C-8BB8-67275AC16DF1}.Debug|Any CPU.Build.0 = Debug|Any CPU
		{532D8361-0679-445C-8BB8-67275AC16DF1}.Debug|x64.ActiveCfg = Debug|Any CPU
		{532D8361-0679-445C-8BB8-67275AC16DF1}.Debug|x64.Build.0 = Debug|Any CPU
		{532D8361-0679-445C-8BB8-67275AC16DF1}.Debug|x86.ActiveCfg = Debug|Any CPU
		{532D8361-0679-445C-8BB8-67275AC16DF1}.Debug|x86.Build.0 = Debug|Any CPU
		{532D8361-0679-445C-8BB8-67275AC16DF1}.Release|Any CPU.ActiveCfg = Release|Any CPU
		{532D8361-0679-445C-8BB8-67275AC16DF1}.Release|Any CPU.Build.0 = Release|Any CPU
		{532D8361-0679-445C-8BB8-67275AC16DF1}.Release|x64.ActiveCfg = Release|Any CPU
		{532D8361-0679-445C-8BB8-67275AC16DF1}.Release|x64.Build.0 = Release|Any CPU
		{532D8361-0679-445C-8BB8-67275AC16DF1}.Release|x86.ActiveCfg = Release|Any CPU
		{532D8361-0679-445C-8BB8-67275AC16DF1}.Release|x86.Build.0 = Release|Any CPU
		{92B01FA0-FF41-440B-83F1-12FDC901F73B}.Debug|Any CPU.ActiveCfg = Debug|Any CPU
		{92B01FA0-FF41-440B-83F1-12FDC901F73B}.Debug|Any CPU.Build.0 = Debug|Any CPU
		{92B01FA0-FF41-440B-83F1-12FDC901F73B}.Debug|x64.ActiveCfg = Debug|Any CPU
		{92B01FA0-FF41-440B-83F1-12FDC901F73B}.Debug|x64.Build.0 = Debug|Any CPU
		{92B01FA0-FF41-440B-83F1-12FDC901F73B}.Debug|x86.ActiveCfg = Debug|Any CPU
		{92B01FA0-FF41-440B-83F1-12FDC901F73B}.Debug|x86.Build.0 = Debug|Any CPU
		{92B01FA0-FF41-440B-83F1-12FDC901F73B}.Release|Any CPU.ActiveCfg = Release|Any CPU
		{92B01FA0-FF41-440B-83F1-12FDC901F73B}.Release|Any CPU.Build.0 = Release|Any CPU
		{92B01FA0-FF41-440B-83F1-12FDC901F73B}.Release|x64.ActiveCfg = Release|Any CPU
		{92B01FA0-FF41-440B-83F1-12FDC901F73B}.Release|x64.Build.0 = Release|Any CPU
		{92B01FA0-FF41-440B-83F1-12FDC901F73B}.Release|x86.ActiveCfg = Release|Any CPU
		{92B01FA0-FF41-440B-83F1-12FDC901F73B}.Release|x86.Build.0 = Release|Any CPU
	EndGlobalSection
	GlobalSection(SolutionProperties) = preSolution
		HideSolutionNode = FALSE
	EndGlobalSection
	GlobalSection(NestedProjects) = preSolution
		{09336C52-4F75-44EB-A25A-25ECF64FC5B3} = {F3B80ED1-2487-42CB-8677-974159422581}
		{83981CAE-ED1B-4D56-9B81-C19BC5ABB254} = {F3B80ED1-2487-42CB-8677-974159422581}
		{2BE2C81E-26DD-49FA-ADFF-8B44C0849CA6} = {9EB1E53A-2056-40D8-898E-3B2060D4E1A2}
		{0B0D8DBE-7F52-47D1-B82A-79F6A55FAE7D} = {9EB1E53A-2056-40D8-898E-3B2060D4E1A2}
		{7C6EED1B-887B-469C-8BEA-8B03E812833D} = {9EB1E53A-2056-40D8-898E-3B2060D4E1A2}
		{104BE2FA-53E6-4D8B-A9D3-1E6F128B30D3} = {9EB1E53A-2056-40D8-898E-3B2060D4E1A2}
		{C2CF289B-A04D-4D37-9D82-478E3A0587EA} = {9EB1E53A-2056-40D8-898E-3B2060D4E1A2}
		{9A04CA77-CE5B-47B9-9F9E-0EABADAE61B7} = {F3B80ED1-2487-42CB-8677-974159422581}
		{32E4ADA3-A8DC-4279-A68B-2D915028D18F} = {F3B80ED1-2487-42CB-8677-974159422581}
		{7C91C859-A482-45E8-BF40-0880C71D3F6C} = {F3B80ED1-2487-42CB-8677-974159422581}
		{414D90B8-8B09-47F1-BBD7-CE0148D256E9} = {F3B80ED1-2487-42CB-8677-974159422581}
		{B92BB662-137B-4B52-AF89-DF1C3F8927EF} = {F3B80ED1-2487-42CB-8677-974159422581}
		{E9C7E943-E4E0-4F87-A770-26CB6A0EEA50} = {F3B80ED1-2487-42CB-8677-974159422581}
		{9AE878FC-84C8-47F5-A431-8B488365D130} = {F3B80ED1-2487-42CB-8677-974159422581}
		{C9A86D98-C6B2-41F2-9E49-8CAA77C5D6A5} = {F3B80ED1-2487-42CB-8677-974159422581}
		{09BD475A-094A-4305-9A88-0EB97F42D4D2} = {F3B80ED1-2487-42CB-8677-974159422581}
		{38EB1EB7-2B73-4EF8-9ABF-4A8888A86E45} = {F3B80ED1-2487-42CB-8677-974159422581}
		{40E53775-C514-484A-B82F-E3834798BB62} = {F3B80ED1-2487-42CB-8677-974159422581}
		{E5A5F7CA-8FD9-4ED9-9F6C-B205EB8D3103} = {F3B80ED1-2487-42CB-8677-974159422581}
		{E834D8A3-995C-48B2-966D-A0778C6FD1F5} = {9EB1E53A-2056-40D8-898E-3B2060D4E1A2}
		{3E074F42-5401-4EF9-B9FD-A9557DFF4C2B} = {9EB1E53A-2056-40D8-898E-3B2060D4E1A2}
		{1F58A4B7-06A4-4D0C-A60A-F829330B20A2} = {9EB1E53A-2056-40D8-898E-3B2060D4E1A2}
		{9F879E79-506F-459C-B7CD-795F4DCF5E34} = {9EB1E53A-2056-40D8-898E-3B2060D4E1A2}
		{C52D6823-F296-41EF-9F3E-C1673FD8C707} = {9EB1E53A-2056-40D8-898E-3B2060D4E1A2}
		{692075DF-DF36-40C8-8D00-901365F6BC48} = {9EB1E53A-2056-40D8-898E-3B2060D4E1A2}
		{46587776-89DE-43FE-85CF-526DF1B804C3} = {9EB1E53A-2056-40D8-898E-3B2060D4E1A2}
		{073FDFAC-EA69-4377-9E24-CB1DB2D1F8E4} = {F3B80ED1-2487-42CB-8677-974159422581}
		{61238626-E984-41F3-B5FA-ADF795B248B0} = {F3B80ED1-2487-42CB-8677-974159422581}
		{284EFB53-76AF-40F4-8EBB-B03A32356FD8} = {F3B80ED1-2487-42CB-8677-974159422581}
		{532D8361-0679-445C-8BB8-67275AC16DF1} = {F3B80ED1-2487-42CB-8677-974159422581}
		{92B01FA0-FF41-440B-83F1-12FDC901F73B} = {F3B80ED1-2487-42CB-8677-974159422581}
	EndGlobalSection
	GlobalSection(ExtensibilityGlobals) = postSolution
		SolutionGuid = {FB5F4C1B-2CFB-40E0-B0D9-7D6B7E55854F}
	EndGlobalSection
EndGlobal
