
Microsoft Visual Studio Solution File, Format Version 12.00
# Visual Studio Version 17
VisualStudioVersion = 17.3.32819.101
MinimumVisualStudioVersion = 10.0.40219.1
Project("{9A19103F-16F7-4668-BE54-9A1E7A4F7556}") = "Primeiro", "Primeiro\Primeiro.csproj", "{09336C52-4F75-44EB-A25A-25ECF64FC5B3}"
EndProject
Project("{9A19103F-16F7-4668-BE54-9A1E7A4F7556}") = "Segundo", "Segundo\Segundo.csproj", "{83981CAE-ED1B-4D56-9B81-C19BC5ABB254}"
EndProject
Project("{2150E333-8FDC-42A3-9474-1A3956D46DE8}") = "Exercicios_Poo", "Exercicios_Poo", "{9EB1E53A-2056-40D8-898E-3B2060D4E1A2}"
EndProject
Project("{9A19103F-16F7-4668-BE54-9A1E7A4F7556}") = "ContaBancaria", "Exercicios_Poo\ContaBancaria\ContaBancaria.csproj", "{2BE2C81E-26DD-49FA-ADFF-8B44C0849CA6}"
EndProject
Project("{9A19103F-16F7-4668-BE54-9A1E7A4F7556}") = "Exercicio_Static", "Exercicios_Poo\Exercicio_Static\Exercicio_Static.csproj", "{0B0D8DBE-7F52-47D1-B82A-79F6A55FAE7D}"
EndProject
Project("{9A19103F-16F7-4668-BE54-9A1E7A4F7556}") = "Exercicio1", "Exercicios_Poo\Exercicio1\Exercicio1.csproj", "{7C6EED1B-887B-469C-8BEA-8B03E812833D}"
EndProject
Project("{9A19103F-16F7-4668-BE54-9A1E7A4F7556}") = "Exercicio2", "Exercicios_Poo\Exercicio2\Exercicio2.csproj", "{104BE2FA-53E6-4D8B-A9D3-1E6F128B30D3}"
EndProject
Project("{9A19103F-16F7-4668-BE54-9A1E7A4F7556}") = "Exercicio3", "Exercicios_Poo\Exercicio3\Exercicio3.csproj", "{C2CF289B-A04D-4D37-9D82-478E3A0587EA}"
EndProject
Project("{2150E333-8FDC-42A3-9474-1A3956D46DE8}") = "Exercicicos", "Exercicicos", "{F3B80ED1-2487-42CB-8677-974159422581}"
EndProject
Project("{9A19103F-16F7-4668-BE54-9A1E7A4F7556}") = "Exercicio1", "Exercicicos\Exercicio1\Exercicio1.csproj", "{9A04CA77-CE5B-47B9-9F9E-0EABADAE61B7}"
EndProject
Project("{9A19103F-16F7-4668-BE54-9A1E7A4F7556}") = "Exercicio2", "Exercicicos\Exercicio2\Exercicio2.csproj", "{32E4ADA3-A8DC-4279-A68B-2D915028D18F}"
EndProject
Project("{9A19103F-16F7-4668-BE54-9A1E7A4F7556}") = "Exercicio3", "Exercicicos\Exercicio3\Exercicio3.csproj", "{7C91C859-A482-45E8-BF40-0880C71D3F6C}"
EndProject
Project("{9A19103F-16F7-4668-BE54-9A1E7A4F7556}") = "teste", "Exercicicos\Exercicio4\teste.csproj", "{414D90B8-8B09-47F1-BBD7-CE0148D256E9}"
EndProject
Project("{9A19103F-16F7-4668-BE54-9A1E7A4F7556}") = "Exercicio5", "Exercicicos\Exercicio5\Exercicio5.csproj", "{B92BB662-137B-4B52-AF89-DF1C3F8927EF}"
EndProject
Project("{9A19103F-16F7-4668-BE54-9A1E7A4F7556}") = "Exercicio6", "Exercicicos\Exercicio6\Exercicio6.csproj", "{E9C7E943-E4E0-4F87-A770-26CB6A0EEA50}"
EndProject
Project("{9A19103F-16F7-4668-BE54-9A1E7A4F7556}") = "Exercicio7", "Exercicicos\Exercicio7\Exercicio7.csproj", "{9AE878FC-84C8-47F5-A431-8B488365D130}"
EndProject
Project("{9A19103F-16F7-4668-BE54-9A1E7A4F7556}") = "Exercicio8", "Exercicicos\Exercicio8\Exercicio8.csproj", "{C9A86D98-C6B2-41F2-9E49-8CAA77C5D6A5}"
EndProject
Project("{9A19103F-16F7-4668-BE54-9A1E7A4F7556}") = "Exercicio9", "Exercicicos\Exercicio9\Exercicio9.csproj", "{09BD475A-094A-4305-9A88-0EB97F42D4D2}"
EndProject
Project("{9A19103F-16F7-4668-BE54-9A1E7A4F7556}") = "Exercicio10", "Exercicicos\Exercicio10\Exercicio10.csproj", "{38EB1EB7-2B73-4EF8-9ABF-4A8888A86E45}"
EndProject
Project("{9A19103F-16F7-4668-BE54-9A1E7A4F7556}") = "Exercicio11", "Exercicicos\Exercicio11\Exercicio11.csproj", "{40E53775-C514-484A-B82F-E3834798BB62}"
EndProject
Project("{9A19103F-16F7-4668-BE54-9A1E7A4F7556}") = "Exerciccios12", "Exercicicos\Exerciccios12\Exerciccios12.csproj", "{E5A5F7CA-8FD9-4ED9-9F6C-B205EB8D3103}"
EndProject
Project("{9A19103F-16F7-4668-BE54-9A1E7A4F7556}") = "Structs", "Structs\Structs.csproj", "{E834D8A3-995C-48B2-966D-A0778C6FD1F5}"
EndProject
Project("{9A19103F-16F7-4668-BE54-9A1E7A4F7556}") = "Altura", "Altura\Altura.csproj", "{3E074F42-5401-4EF9-B9FD-A9557DFF4C2B}"
EndProject
Project("{9A19103F-16F7-4668-BE54-9A1E7A4F7556}") = "Aluguel", "Aluguel\Aluguel.csproj", "{9F879E79-506F-459C-B7CD-795F4DCF5E34}"
EndProject
Project("{9A19103F-16F7-4668-BE54-9A1E7A4F7556}") = "Ref", "Ref\Ref.csproj", "{C52D6823-F296-41EF-9F3E-C1673FD8C707}"
EndProject
Project("{9A19103F-16F7-4668-BE54-9A1E7A4F7556}") = "Listas", "ConsoleApp1\Listas.csproj", "{692075DF-DF36-40C8-8D00-901365F6BC48}"
EndProject
Project("{9A19103F-16F7-4668-BE54-9A1E7A4F7556}") = "Funcionarios", "Exercicios_Poo\Funcionarios\Funcionarios.csproj", "{46587776-89DE-43FE-85CF-526DF1B804C3}"
EndProject
Project("{9A19103F-16F7-4668-BE54-9A1E7A4F7556}") = "matriz", "matriz\matriz.csproj", "{073FDFAC-EA69-4377-9E24-CB1DB2D1F8E4}"
EndProject
Project("{9A19103F-16F7-4668-BE54-9A1E7A4F7556}") = "matriz_Ex1", "Exercicicos\matriz_Ex1\matriz_Ex1.csproj", "{61238626-E984-41F3-B5FA-ADF795B248B0}"
EndProject
Project("{9A19103F-16F7-4668-BE54-9A1E7A4F7556}") = "Composition1", "Exercicios_Poo\Composition1\Composition1.csproj", "{94CB68AD-FF62-4359-86D7-E396BA6C29E3}"
EndProject
Project("{9A19103F-16F7-4668-BE54-9A1E7A4F7556}") = "Composition2", "Exercicios_Poo\Composition2\Composition2.csproj", "{3BC20373-A50F-49FA-86EF-522E3C93BB24}"
EndProject
Project("{9A19103F-16F7-4668-BE54-9A1E7A4F7556}") = "Composition3", "Exercicios_Poo\Composition3\Composition3.csproj", "{6B4AE74D-E26B-4F59-9AB6-028398408828}"
EndProject
Project("{9A19103F-16F7-4668-BE54-9A1E7A4F7556}") = "Heranca", "Assuntos_POO\Heranca\Heranca.csproj", "{C3F5F4EB-0D48-474B-B51E-DA205702570B}"
EndProject
Project("{9A19103F-16F7-4668-BE54-9A1E7A4F7556}") = "Funcoes_Strings", "Funcoes_Strings\Funcoes_Strings.csproj", "{0AB45AA6-1540-4C26-A300-84C90C1F6A0A}"
EndProject
Project("{9A19103F-16F7-4668-BE54-9A1E7A4F7556}") = "DateTimee", "Assuntos_POO\DateTime\DateTimee.csproj", "{ACA814CE-7C7B-4E48-A37B-491F1E3E12F5}"
EndProject
Project("{9A19103F-16F7-4668-BE54-9A1E7A4F7556}") = "Enumeracao_Enum", "Assuntos_POO\Enumeracao_Enum\Enumeracao_Enum.csproj", "{59198F02-A1D6-432B-9185-41F7BCF29460}"
EndProject
Project("{9A19103F-16F7-4668-BE54-9A1E7A4F7556}") = "Propriedades_DateTime", "Assuntos_POO\Propriedades_DateTime\Propriedades_DateTime.csproj", "{0B52C1A7-0FA0-41D2-B4D0-6EC2FB3FFEC0}"
EndProject
Project("{9A19103F-16F7-4668-BE54-9A1E7A4F7556}") = "OperadorTernario", "OperadorTernario\OperadorTernario.csproj", "{7F99A0F1-6DC1-4D53-9EFA-1AF45B6B591F}"
EndProject
Project("{9A19103F-16F7-4668-BE54-9A1E7A4F7556}") = "ProdutoVec", "Exercicios_Poo\ProdutoVec\ProdutoVec.csproj", "{2FE195F2-86D9-40B0-9034-1168BDC66671}"
EndProject
Project("{9A19103F-16F7-4668-BE54-9A1E7A4F7556}") = "Propriedades_TimeSpan", "Assuntos_POO\Propriedades_TimeSpan\Propriedades_TimeSpan.csproj", "{195B9CF2-114B-46C4-A35E-BBFF53E18F1F}"
EndProject
Project("{9A19103F-16F7-4668-BE54-9A1E7A4F7556}") = "DateTimeKind", "Assuntos_POO\DateTimeKind\DateTimeKind.csproj", "{F3DB8B30-84E7-44CE-A181-7A45EA5460AB}"
EndProject
Project("{2150E333-8FDC-42A3-9474-1A3956D46DE8}") = "Assusntos_POO", "Assusntos_POO", "{4F7417DF-069D-49D8-85A2-527A4BA48966}"
EndProject
Project("{9A19103F-16F7-4668-BE54-9A1E7A4F7556}") = "Heranca_Sobreposicao", "Assuntos_POO\Heranca_Sobreposicao\Heranca_Sobreposicao.csproj", "{36001891-3833-4DA7-80EA-5A4EEFF342C1}"
EndProject
Project("{9A19103F-16F7-4668-BE54-9A1E7A4F7556}") = "Heranca_Ex1", "Heranca_Ex1\Heranca_Ex1.csproj", "{37C51677-37A1-4F40-93DE-1EADE6758B3D}"
EndProject
Project("{9A19103F-16F7-4668-BE54-9A1E7A4F7556}") = "Heranca_Polimorfismo_Ex2", "Exercicios_Poo\Heranca_Polimorfismo_Ex2\Heranca_Polimorfismo_Ex2.csproj", "{481BBC7B-D6E0-4656-8AC1-70945DC9E6FC}"
EndProject
Project("{9A19103F-16F7-4668-BE54-9A1E7A4F7556}") = "Classes_Abstratas", "Assuntos_POO\Classes_Abstratas\Classes_Abstratas.csproj", "{26EF93AD-92E9-4342-A018-1C374D24A1BF}"
EndProject
Project("{9A19103F-16F7-4668-BE54-9A1E7A4F7556}") = "Exercicio_MetodoAbstrato", "Exercicios_Poo\Exercicio_MetodoAbstrato\Exercicio_MetodoAbstrato.csproj", "{D87CEC2F-4B19-4697-A125-A1D3B75E50EA}"
EndProject
Project("{9A19103F-16F7-4668-BE54-9A1E7A4F7556}") = "Exercicio2_Abstrato", "Exercicios_Poo\Exercicio2_Abstrato\Exercicio2_Abstrato.csproj", "{D050CCAE-1F40-41DE-A30B-F90EB72CBBF9}"
EndProject
Project("{9A19103F-16F7-4668-BE54-9A1E7A4F7556}") = "Excecaoo", "Assuntos_POO\Excecaoo\Excecaoo.csproj", "{0CD42457-9ACA-4C2F-9167-CED2F3430035}"
EndProject
Project("{9A19103F-16F7-4668-BE54-9A1E7A4F7556}") = "Excecao_Personalizada", "Assuntos_POO\Excecao_Personalizada\Excecao_Personalizada.csproj", "{4FB2D5DF-4353-4EA3-A4FC-752A1FD9E292}"
EndProject
Project("{FAE04EC0-301F-11D3-BF4B-00C04F79EFBC}") = "Exercicio2_Exception", "Exercicios_Poo\Exercicio2_Exception\Exercicio2_Exception.csproj", "{CCF5245D-FEF1-4ED5-8EB0-83A767C98A0D}"
EndProject
Global
	GlobalSection(SolutionConfigurationPlatforms) = preSolution
		Debug|Any CPU = Debug|Any CPU
		Debug|x64 = Debug|x64
		Debug|x86 = Debug|x86
		Release|Any CPU = Release|Any CPU
		Release|x64 = Release|x64
		Release|x86 = Release|x86
	EndGlobalSection
	GlobalSection(ProjectConfigurationPlatforms) = postSolution
		{09336C52-4F75-44EB-A25A-25ECF64FC5B3}.Debug|Any CPU.ActiveCfg = Debug|Any CPU
		{09336C52-4F75-44EB-A25A-25ECF64FC5B3}.Debug|Any CPU.Build.0 = Debug|Any CPU
		{09336C52-4F75-44EB-A25A-25ECF64FC5B3}.Debug|x64.ActiveCfg = Debug|Any CPU
		{09336C52-4F75-44EB-A25A-25ECF64FC5B3}.Debug|x64.Build.0 = Debug|Any CPU
		{09336C52-4F75-44EB-A25A-25ECF64FC5B3}.Debug|x86.ActiveCfg = Debug|Any CPU
		{09336C52-4F75-44EB-A25A-25ECF64FC5B3}.Debug|x86.Build.0 = Debug|Any CPU
		{09336C52-4F75-44EB-A25A-25ECF64FC5B3}.Release|Any CPU.ActiveCfg = Release|Any CPU
		{09336C52-4F75-44EB-A25A-25ECF64FC5B3}.Release|Any CPU.Build.0 = Release|Any CPU
		{09336C52-4F75-44EB-A25A-25ECF64FC5B3}.Release|x64.ActiveCfg = Release|Any CPU
		{09336C52-4F75-44EB-A25A-25ECF64FC5B3}.Release|x64.Build.0 = Release|Any CPU
		{09336C52-4F75-44EB-A25A-25ECF64FC5B3}.Release|x86.ActiveCfg = Release|Any CPU
		{09336C52-4F75-44EB-A25A-25ECF64FC5B3}.Release|x86.Build.0 = Release|Any CPU
		{83981CAE-ED1B-4D56-9B81-C19BC5ABB254}.Debug|Any CPU.ActiveCfg = Debug|Any CPU
		{83981CAE-ED1B-4D56-9B81-C19BC5ABB254}.Debug|Any CPU.Build.0 = Debug|Any CPU
		{83981CAE-ED1B-4D56-9B81-C19BC5ABB254}.Debug|x64.ActiveCfg = Debug|Any CPU
		{83981CAE-ED1B-4D56-9B81-C19BC5ABB254}.Debug|x64.Build.0 = Debug|Any CPU
		{83981CAE-ED1B-4D56-9B81-C19BC5ABB254}.Debug|x86.ActiveCfg = Debug|Any CPU
		{83981CAE-ED1B-4D56-9B81-C19BC5ABB254}.Debug|x86.Build.0 = Debug|Any CPU
		{83981CAE-ED1B-4D56-9B81-C19BC5ABB254}.Release|Any CPU.ActiveCfg = Release|Any CPU
		{83981CAE-ED1B-4D56-9B81-C19BC5ABB254}.Release|Any CPU.Build.0 = Release|Any CPU
		{83981CAE-ED1B-4D56-9B81-C19BC5ABB254}.Release|x64.ActiveCfg = Release|Any CPU
		{83981CAE-ED1B-4D56-9B81-C19BC5ABB254}.Release|x64.Build.0 = Release|Any CPU
		{83981CAE-ED1B-4D56-9B81-C19BC5ABB254}.Release|x86.ActiveCfg = Release|Any CPU
		{83981CAE-ED1B-4D56-9B81-C19BC5ABB254}.Release|x86.Build.0 = Release|Any CPU
		{2BE2C81E-26DD-49FA-ADFF-8B44C0849CA6}.Debug|Any CPU.ActiveCfg = Debug|Any CPU
		{2BE2C81E-26DD-49FA-ADFF-8B44C0849CA6}.Debug|Any CPU.Build.0 = Debug|Any CPU
		{2BE2C81E-26DD-49FA-ADFF-8B44C0849CA6}.Debug|x64.ActiveCfg = Debug|Any CPU
		{2BE2C81E-26DD-49FA-ADFF-8B44C0849CA6}.Debug|x64.Build.0 = Debug|Any CPU
		{2BE2C81E-26DD-49FA-ADFF-8B44C0849CA6}.Debug|x86.ActiveCfg = Debug|Any CPU
		{2BE2C81E-26DD-49FA-ADFF-8B44C0849CA6}.Debug|x86.Build.0 = Debug|Any CPU
		{2BE2C81E-26DD-49FA-ADFF-8B44C0849CA6}.Release|Any CPU.ActiveCfg = Release|Any CPU
		{2BE2C81E-26DD-49FA-ADFF-8B44C0849CA6}.Release|Any CPU.Build.0 = Release|Any CPU
		{2BE2C81E-26DD-49FA-ADFF-8B44C0849CA6}.Release|x64.ActiveCfg = Release|Any CPU
		{2BE2C81E-26DD-49FA-ADFF-8B44C0849CA6}.Release|x64.Build.0 = Release|Any CPU
		{2BE2C81E-26DD-49FA-ADFF-8B44C0849CA6}.Release|x86.ActiveCfg = Release|Any CPU
		{2BE2C81E-26DD-49FA-ADFF-8B44C0849CA6}.Release|x86.Build.0 = Release|Any CPU
		{0B0D8DBE-7F52-47D1-B82A-79F6A55FAE7D}.Debug|Any CPU.ActiveCfg = Debug|Any CPU
		{0B0D8DBE-7F52-47D1-B82A-79F6A55FAE7D}.Debug|Any CPU.Build.0 = Debug|Any CPU
		{0B0D8DBE-7F52-47D1-B82A-79F6A55FAE7D}.Debug|x64.ActiveCfg = Debug|Any CPU
		{0B0D8DBE-7F52-47D1-B82A-79F6A55FAE7D}.Debug|x64.Build.0 = Debug|Any CPU
		{0B0D8DBE-7F52-47D1-B82A-79F6A55FAE7D}.Debug|x86.ActiveCfg = Debug|Any CPU
		{0B0D8DBE-7F52-47D1-B82A-79F6A55FAE7D}.Debug|x86.Build.0 = Debug|Any CPU
		{0B0D8DBE-7F52-47D1-B82A-79F6A55FAE7D}.Release|Any CPU.ActiveCfg = Release|Any CPU
		{0B0D8DBE-7F52-47D1-B82A-79F6A55FAE7D}.Release|Any CPU.Build.0 = Release|Any CPU
		{0B0D8DBE-7F52-47D1-B82A-79F6A55FAE7D}.Release|x64.ActiveCfg = Release|Any CPU
		{0B0D8DBE-7F52-47D1-B82A-79F6A55FAE7D}.Release|x64.Build.0 = Release|Any CPU
		{0B0D8DBE-7F52-47D1-B82A-79F6A55FAE7D}.Release|x86.ActiveCfg = Release|Any CPU
		{0B0D8DBE-7F52-47D1-B82A-79F6A55FAE7D}.Release|x86.Build.0 = Release|Any CPU
		{7C6EED1B-887B-469C-8BEA-8B03E812833D}.Debug|Any CPU.ActiveCfg = Debug|Any CPU
		{7C6EED1B-887B-469C-8BEA-8B03E812833D}.Debug|Any CPU.Build.0 = Debug|Any CPU
		{7C6EED1B-887B-469C-8BEA-8B03E812833D}.Debug|x64.ActiveCfg = Debug|Any CPU
		{7C6EED1B-887B-469C-8BEA-8B03E812833D}.Debug|x64.Build.0 = Debug|Any CPU
		{7C6EED1B-887B-469C-8BEA-8B03E812833D}.Debug|x86.ActiveCfg = Debug|Any CPU
		{7C6EED1B-887B-469C-8BEA-8B03E812833D}.Debug|x86.Build.0 = Debug|Any CPU
		{7C6EED1B-887B-469C-8BEA-8B03E812833D}.Release|Any CPU.ActiveCfg = Release|Any CPU
		{7C6EED1B-887B-469C-8BEA-8B03E812833D}.Release|Any CPU.Build.0 = Release|Any CPU
		{7C6EED1B-887B-469C-8BEA-8B03E812833D}.Release|x64.ActiveCfg = Release|Any CPU
		{7C6EED1B-887B-469C-8BEA-8B03E812833D}.Release|x64.Build.0 = Release|Any CPU
		{7C6EED1B-887B-469C-8BEA-8B03E812833D}.Release|x86.ActiveCfg = Release|Any CPU
		{7C6EED1B-887B-469C-8BEA-8B03E812833D}.Release|x86.Build.0 = Release|Any CPU
		{104BE2FA-53E6-4D8B-A9D3-1E6F128B30D3}.Debug|Any CPU.ActiveCfg = Debug|Any CPU
		{104BE2FA-53E6-4D8B-A9D3-1E6F128B30D3}.Debug|Any CPU.Build.0 = Debug|Any CPU
		{104BE2FA-53E6-4D8B-A9D3-1E6F128B30D3}.Debug|x64.ActiveCfg = Debug|Any CPU
		{104BE2FA-53E6-4D8B-A9D3-1E6F128B30D3}.Debug|x64.Build.0 = Debug|Any CPU
		{104BE2FA-53E6-4D8B-A9D3-1E6F128B30D3}.Debug|x86.ActiveCfg = Debug|Any CPU
		{104BE2FA-53E6-4D8B-A9D3-1E6F128B30D3}.Debug|x86.Build.0 = Debug|Any CPU
		{104BE2FA-53E6-4D8B-A9D3-1E6F128B30D3}.Release|Any CPU.ActiveCfg = Release|Any CPU
		{104BE2FA-53E6-4D8B-A9D3-1E6F128B30D3}.Release|Any CPU.Build.0 = Release|Any CPU
		{104BE2FA-53E6-4D8B-A9D3-1E6F128B30D3}.Release|x64.ActiveCfg = Release|Any CPU
		{104BE2FA-53E6-4D8B-A9D3-1E6F128B30D3}.Release|x64.Build.0 = Release|Any CPU
		{104BE2FA-53E6-4D8B-A9D3-1E6F128B30D3}.Release|x86.ActiveCfg = Release|Any CPU
		{104BE2FA-53E6-4D8B-A9D3-1E6F128B30D3}.Release|x86.Build.0 = Release|Any CPU
		{C2CF289B-A04D-4D37-9D82-478E3A0587EA}.Debug|Any CPU.ActiveCfg = Debug|Any CPU
		{C2CF289B-A04D-4D37-9D82-478E3A0587EA}.Debug|Any CPU.Build.0 = Debug|Any CPU
		{C2CF289B-A04D-4D37-9D82-478E3A0587EA}.Debug|x64.ActiveCfg = Debug|Any CPU
		{C2CF289B-A04D-4D37-9D82-478E3A0587EA}.Debug|x64.Build.0 = Debug|Any CPU
		{C2CF289B-A04D-4D37-9D82-478E3A0587EA}.Debug|x86.ActiveCfg = Debug|Any CPU
		{C2CF289B-A04D-4D37-9D82-478E3A0587EA}.Debug|x86.Build.0 = Debug|Any CPU
		{C2CF289B-A04D-4D37-9D82-478E3A0587EA}.Release|Any CPU.ActiveCfg = Release|Any CPU
		{C2CF289B-A04D-4D37-9D82-478E3A0587EA}.Release|Any CPU.Build.0 = Release|Any CPU
		{C2CF289B-A04D-4D37-9D82-478E3A0587EA}.Release|x64.ActiveCfg = Release|Any CPU
		{C2CF289B-A04D-4D37-9D82-478E3A0587EA}.Release|x64.Build.0 = Release|Any CPU
		{C2CF289B-A04D-4D37-9D82-478E3A0587EA}.Release|x86.ActiveCfg = Release|Any CPU
		{C2CF289B-A04D-4D37-9D82-478E3A0587EA}.Release|x86.Build.0 = Release|Any CPU
		{9A04CA77-CE5B-47B9-9F9E-0EABADAE61B7}.Debug|Any CPU.ActiveCfg = Debug|Any CPU
		{9A04CA77-CE5B-47B9-9F9E-0EABADAE61B7}.Debug|Any CPU.Build.0 = Debug|Any CPU
		{9A04CA77-CE5B-47B9-9F9E-0EABADAE61B7}.Debug|x64.ActiveCfg = Debug|Any CPU
		{9A04CA77-CE5B-47B9-9F9E-0EABADAE61B7}.Debug|x64.Build.0 = Debug|Any CPU
		{9A04CA77-CE5B-47B9-9F9E-0EABADAE61B7}.Debug|x86.ActiveCfg = Debug|Any CPU
		{9A04CA77-CE5B-47B9-9F9E-0EABADAE61B7}.Debug|x86.Build.0 = Debug|Any CPU
		{9A04CA77-CE5B-47B9-9F9E-0EABADAE61B7}.Release|Any CPU.ActiveCfg = Release|Any CPU
		{9A04CA77-CE5B-47B9-9F9E-0EABADAE61B7}.Release|Any CPU.Build.0 = Release|Any CPU
		{9A04CA77-CE5B-47B9-9F9E-0EABADAE61B7}.Release|x64.ActiveCfg = Release|Any CPU
		{9A04CA77-CE5B-47B9-9F9E-0EABADAE61B7}.Release|x64.Build.0 = Release|Any CPU
		{9A04CA77-CE5B-47B9-9F9E-0EABADAE61B7}.Release|x86.ActiveCfg = Release|Any CPU
		{9A04CA77-CE5B-47B9-9F9E-0EABADAE61B7}.Release|x86.Build.0 = Release|Any CPU
		{32E4ADA3-A8DC-4279-A68B-2D915028D18F}.Debug|Any CPU.ActiveCfg = Debug|Any CPU
		{32E4ADA3-A8DC-4279-A68B-2D915028D18F}.Debug|Any CPU.Build.0 = Debug|Any CPU
		{32E4ADA3-A8DC-4279-A68B-2D915028D18F}.Debug|x64.ActiveCfg = Debug|Any CPU
		{32E4ADA3-A8DC-4279-A68B-2D915028D18F}.Debug|x64.Build.0 = Debug|Any CPU
		{32E4ADA3-A8DC-4279-A68B-2D915028D18F}.Debug|x86.ActiveCfg = Debug|Any CPU
		{32E4ADA3-A8DC-4279-A68B-2D915028D18F}.Debug|x86.Build.0 = Debug|Any CPU
		{32E4ADA3-A8DC-4279-A68B-2D915028D18F}.Release|Any CPU.ActiveCfg = Release|Any CPU
		{32E4ADA3-A8DC-4279-A68B-2D915028D18F}.Release|Any CPU.Build.0 = Release|Any CPU
		{32E4ADA3-A8DC-4279-A68B-2D915028D18F}.Release|x64.ActiveCfg = Release|Any CPU
		{32E4ADA3-A8DC-4279-A68B-2D915028D18F}.Release|x64.Build.0 = Release|Any CPU
		{32E4ADA3-A8DC-4279-A68B-2D915028D18F}.Release|x86.ActiveCfg = Release|Any CPU
		{32E4ADA3-A8DC-4279-A68B-2D915028D18F}.Release|x86.Build.0 = Release|Any CPU
		{7C91C859-A482-45E8-BF40-0880C71D3F6C}.Debug|Any CPU.ActiveCfg = Debug|Any CPU
		{7C91C859-A482-45E8-BF40-0880C71D3F6C}.Debug|Any CPU.Build.0 = Debug|Any CPU
		{7C91C859-A482-45E8-BF40-0880C71D3F6C}.Debug|x64.ActiveCfg = Debug|Any CPU
		{7C91C859-A482-45E8-BF40-0880C71D3F6C}.Debug|x64.Build.0 = Debug|Any CPU
		{7C91C859-A482-45E8-BF40-0880C71D3F6C}.Debug|x86.ActiveCfg = Debug|Any CPU
		{7C91C859-A482-45E8-BF40-0880C71D3F6C}.Debug|x86.Build.0 = Debug|Any CPU
		{7C91C859-A482-45E8-BF40-0880C71D3F6C}.Release|Any CPU.ActiveCfg = Release|Any CPU
		{7C91C859-A482-45E8-BF40-0880C71D3F6C}.Release|Any CPU.Build.0 = Release|Any CPU
		{7C91C859-A482-45E8-BF40-0880C71D3F6C}.Release|x64.ActiveCfg = Release|Any CPU
		{7C91C859-A482-45E8-BF40-0880C71D3F6C}.Release|x64.Build.0 = Release|Any CPU
		{7C91C859-A482-45E8-BF40-0880C71D3F6C}.Release|x86.ActiveCfg = Release|Any CPU
		{7C91C859-A482-45E8-BF40-0880C71D3F6C}.Release|x86.Build.0 = Release|Any CPU
		{414D90B8-8B09-47F1-BBD7-CE0148D256E9}.Debug|Any CPU.ActiveCfg = Debug|Any CPU
		{414D90B8-8B09-47F1-BBD7-CE0148D256E9}.Debug|Any CPU.Build.0 = Debug|Any CPU
		{414D90B8-8B09-47F1-BBD7-CE0148D256E9}.Debug|x64.ActiveCfg = Debug|Any CPU
		{414D90B8-8B09-47F1-BBD7-CE0148D256E9}.Debug|x64.Build.0 = Debug|Any CPU
		{414D90B8-8B09-47F1-BBD7-CE0148D256E9}.Debug|x86.ActiveCfg = Debug|Any CPU
		{414D90B8-8B09-47F1-BBD7-CE0148D256E9}.Debug|x86.Build.0 = Debug|Any CPU
		{414D90B8-8B09-47F1-BBD7-CE0148D256E9}.Release|Any CPU.ActiveCfg = Release|Any CPU
		{414D90B8-8B09-47F1-BBD7-CE0148D256E9}.Release|Any CPU.Build.0 = Release|Any CPU
		{414D90B8-8B09-47F1-BBD7-CE0148D256E9}.Release|x64.ActiveCfg = Release|Any CPU
		{414D90B8-8B09-47F1-BBD7-CE0148D256E9}.Release|x64.Build.0 = Release|Any CPU
		{414D90B8-8B09-47F1-BBD7-CE0148D256E9}.Release|x86.ActiveCfg = Release|Any CPU
		{414D90B8-8B09-47F1-BBD7-CE0148D256E9}.Release|x86.Build.0 = Release|Any CPU
		{B92BB662-137B-4B52-AF89-DF1C3F8927EF}.Debug|Any CPU.ActiveCfg = Debug|Any CPU
		{B92BB662-137B-4B52-AF89-DF1C3F8927EF}.Debug|Any CPU.Build.0 = Debug|Any CPU
		{B92BB662-137B-4B52-AF89-DF1C3F8927EF}.Debug|x64.ActiveCfg = Debug|Any CPU
		{B92BB662-137B-4B52-AF89-DF1C3F8927EF}.Debug|x64.Build.0 = Debug|Any CPU
		{B92BB662-137B-4B52-AF89-DF1C3F8927EF}.Debug|x86.ActiveCfg = Debug|Any CPU
		{B92BB662-137B-4B52-AF89-DF1C3F8927EF}.Debug|x86.Build.0 = Debug|Any CPU
		{B92BB662-137B-4B52-AF89-DF1C3F8927EF}.Release|Any CPU.ActiveCfg = Release|Any CPU
		{B92BB662-137B-4B52-AF89-DF1C3F8927EF}.Release|Any CPU.Build.0 = Release|Any CPU
		{B92BB662-137B-4B52-AF89-DF1C3F8927EF}.Release|x64.ActiveCfg = Release|Any CPU
		{B92BB662-137B-4B52-AF89-DF1C3F8927EF}.Release|x64.Build.0 = Release|Any CPU
		{B92BB662-137B-4B52-AF89-DF1C3F8927EF}.Release|x86.ActiveCfg = Release|Any CPU
		{B92BB662-137B-4B52-AF89-DF1C3F8927EF}.Release|x86.Build.0 = Release|Any CPU
		{E9C7E943-E4E0-4F87-A770-26CB6A0EEA50}.Debug|Any CPU.ActiveCfg = Debug|Any CPU
		{E9C7E943-E4E0-4F87-A770-26CB6A0EEA50}.Debug|Any CPU.Build.0 = Debug|Any CPU
		{E9C7E943-E4E0-4F87-A770-26CB6A0EEA50}.Debug|x64.ActiveCfg = Debug|Any CPU
		{E9C7E943-E4E0-4F87-A770-26CB6A0EEA50}.Debug|x64.Build.0 = Debug|Any CPU
		{E9C7E943-E4E0-4F87-A770-26CB6A0EEA50}.Debug|x86.ActiveCfg = Debug|Any CPU
		{E9C7E943-E4E0-4F87-A770-26CB6A0EEA50}.Debug|x86.Build.0 = Debug|Any CPU
		{E9C7E943-E4E0-4F87-A770-26CB6A0EEA50}.Release|Any CPU.ActiveCfg = Release|Any CPU
		{E9C7E943-E4E0-4F87-A770-26CB6A0EEA50}.Release|Any CPU.Build.0 = Release|Any CPU
		{E9C7E943-E4E0-4F87-A770-26CB6A0EEA50}.Release|x64.ActiveCfg = Release|Any CPU
		{E9C7E943-E4E0-4F87-A770-26CB6A0EEA50}.Release|x64.Build.0 = Release|Any CPU
		{E9C7E943-E4E0-4F87-A770-26CB6A0EEA50}.Release|x86.ActiveCfg = Release|Any CPU
		{E9C7E943-E4E0-4F87-A770-26CB6A0EEA50}.Release|x86.Build.0 = Release|Any CPU
		{9AE878FC-84C8-47F5-A431-8B488365D130}.Debug|Any CPU.ActiveCfg = Debug|Any CPU
		{9AE878FC-84C8-47F5-A431-8B488365D130}.Debug|Any CPU.Build.0 = Debug|Any CPU
		{9AE878FC-84C8-47F5-A431-8B488365D130}.Debug|x64.ActiveCfg = Debug|Any CPU
		{9AE878FC-84C8-47F5-A431-8B488365D130}.Debug|x64.Build.0 = Debug|Any CPU
		{9AE878FC-84C8-47F5-A431-8B488365D130}.Debug|x86.ActiveCfg = Debug|Any CPU
		{9AE878FC-84C8-47F5-A431-8B488365D130}.Debug|x86.Build.0 = Debug|Any CPU
		{9AE878FC-84C8-47F5-A431-8B488365D130}.Release|Any CPU.ActiveCfg = Release|Any CPU
		{9AE878FC-84C8-47F5-A431-8B488365D130}.Release|Any CPU.Build.0 = Release|Any CPU
		{9AE878FC-84C8-47F5-A431-8B488365D130}.Release|x64.ActiveCfg = Release|Any CPU
		{9AE878FC-84C8-47F5-A431-8B488365D130}.Release|x64.Build.0 = Release|Any CPU
		{9AE878FC-84C8-47F5-A431-8B488365D130}.Release|x86.ActiveCfg = Release|Any CPU
		{9AE878FC-84C8-47F5-A431-8B488365D130}.Release|x86.Build.0 = Release|Any CPU
		{C9A86D98-C6B2-41F2-9E49-8CAA77C5D6A5}.Debug|Any CPU.ActiveCfg = Debug|Any CPU
		{C9A86D98-C6B2-41F2-9E49-8CAA77C5D6A5}.Debug|Any CPU.Build.0 = Debug|Any CPU
		{C9A86D98-C6B2-41F2-9E49-8CAA77C5D6A5}.Debug|x64.ActiveCfg = Debug|Any CPU
		{C9A86D98-C6B2-41F2-9E49-8CAA77C5D6A5}.Debug|x64.Build.0 = Debug|Any CPU
		{C9A86D98-C6B2-41F2-9E49-8CAA77C5D6A5}.Debug|x86.ActiveCfg = Debug|Any CPU
		{C9A86D98-C6B2-41F2-9E49-8CAA77C5D6A5}.Debug|x86.Build.0 = Debug|Any CPU
		{C9A86D98-C6B2-41F2-9E49-8CAA77C5D6A5}.Release|Any CPU.ActiveCfg = Release|Any CPU
		{C9A86D98-C6B2-41F2-9E49-8CAA77C5D6A5}.Release|Any CPU.Build.0 = Release|Any CPU
		{C9A86D98-C6B2-41F2-9E49-8CAA77C5D6A5}.Release|x64.ActiveCfg = Release|Any CPU
		{C9A86D98-C6B2-41F2-9E49-8CAA77C5D6A5}.Release|x64.Build.0 = Release|Any CPU
		{C9A86D98-C6B2-41F2-9E49-8CAA77C5D6A5}.Release|x86.ActiveCfg = Release|Any CPU
		{C9A86D98-C6B2-41F2-9E49-8CAA77C5D6A5}.Release|x86.Build.0 = Release|Any CPU
		{09BD475A-094A-4305-9A88-0EB97F42D4D2}.Debug|Any CPU.ActiveCfg = Debug|Any CPU
		{09BD475A-094A-4305-9A88-0EB97F42D4D2}.Debug|Any CPU.Build.0 = Debug|Any CPU
		{09BD475A-094A-4305-9A88-0EB97F42D4D2}.Debug|x64.ActiveCfg = Debug|Any CPU
		{09BD475A-094A-4305-9A88-0EB97F42D4D2}.Debug|x64.Build.0 = Debug|Any CPU
		{09BD475A-094A-4305-9A88-0EB97F42D4D2}.Debug|x86.ActiveCfg = Debug|Any CPU
		{09BD475A-094A-4305-9A88-0EB97F42D4D2}.Debug|x86.Build.0 = Debug|Any CPU
		{09BD475A-094A-4305-9A88-0EB97F42D4D2}.Release|Any CPU.ActiveCfg = Release|Any CPU
		{09BD475A-094A-4305-9A88-0EB97F42D4D2}.Release|Any CPU.Build.0 = Release|Any CPU
		{09BD475A-094A-4305-9A88-0EB97F42D4D2}.Release|x64.ActiveCfg = Release|Any CPU
		{09BD475A-094A-4305-9A88-0EB97F42D4D2}.Release|x64.Build.0 = Release|Any CPU
		{09BD475A-094A-4305-9A88-0EB97F42D4D2}.Release|x86.ActiveCfg = Release|Any CPU
		{09BD475A-094A-4305-9A88-0EB97F42D4D2}.Release|x86.Build.0 = Release|Any CPU
		{38EB1EB7-2B73-4EF8-9ABF-4A8888A86E45}.Debug|Any CPU.ActiveCfg = Debug|Any CPU
		{38EB1EB7-2B73-4EF8-9ABF-4A8888A86E45}.Debug|Any CPU.Build.0 = Debug|Any CPU
		{38EB1EB7-2B73-4EF8-9ABF-4A8888A86E45}.Debug|x64.ActiveCfg = Debug|Any CPU
		{38EB1EB7-2B73-4EF8-9ABF-4A8888A86E45}.Debug|x64.Build.0 = Debug|Any CPU
		{38EB1EB7-2B73-4EF8-9ABF-4A8888A86E45}.Debug|x86.ActiveCfg = Debug|Any CPU
		{38EB1EB7-2B73-4EF8-9ABF-4A8888A86E45}.Debug|x86.Build.0 = Debug|Any CPU
		{38EB1EB7-2B73-4EF8-9ABF-4A8888A86E45}.Release|Any CPU.ActiveCfg = Release|Any CPU
		{38EB1EB7-2B73-4EF8-9ABF-4A8888A86E45}.Release|Any CPU.Build.0 = Release|Any CPU
		{38EB1EB7-2B73-4EF8-9ABF-4A8888A86E45}.Release|x64.ActiveCfg = Release|Any CPU
		{38EB1EB7-2B73-4EF8-9ABF-4A8888A86E45}.Release|x64.Build.0 = Release|Any CPU
		{38EB1EB7-2B73-4EF8-9ABF-4A8888A86E45}.Release|x86.ActiveCfg = Release|Any CPU
		{38EB1EB7-2B73-4EF8-9ABF-4A8888A86E45}.Release|x86.Build.0 = Release|Any CPU
		{40E53775-C514-484A-B82F-E3834798BB62}.Debug|Any CPU.ActiveCfg = Debug|Any CPU
		{40E53775-C514-484A-B82F-E3834798BB62}.Debug|Any CPU.Build.0 = Debug|Any CPU
		{40E53775-C514-484A-B82F-E3834798BB62}.Debug|x64.ActiveCfg = Debug|Any CPU
		{40E53775-C514-484A-B82F-E3834798BB62}.Debug|x64.Build.0 = Debug|Any CPU
		{40E53775-C514-484A-B82F-E3834798BB62}.Debug|x86.ActiveCfg = Debug|Any CPU
		{40E53775-C514-484A-B82F-E3834798BB62}.Debug|x86.Build.0 = Debug|Any CPU
		{40E53775-C514-484A-B82F-E3834798BB62}.Release|Any CPU.ActiveCfg = Release|Any CPU
		{40E53775-C514-484A-B82F-E3834798BB62}.Release|Any CPU.Build.0 = Release|Any CPU
		{40E53775-C514-484A-B82F-E3834798BB62}.Release|x64.ActiveCfg = Release|Any CPU
		{40E53775-C514-484A-B82F-E3834798BB62}.Release|x64.Build.0 = Release|Any CPU
		{40E53775-C514-484A-B82F-E3834798BB62}.Release|x86.ActiveCfg = Release|Any CPU
		{40E53775-C514-484A-B82F-E3834798BB62}.Release|x86.Build.0 = Release|Any CPU
		{E5A5F7CA-8FD9-4ED9-9F6C-B205EB8D3103}.Debug|Any CPU.ActiveCfg = Debug|Any CPU
		{E5A5F7CA-8FD9-4ED9-9F6C-B205EB8D3103}.Debug|Any CPU.Build.0 = Debug|Any CPU
		{E5A5F7CA-8FD9-4ED9-9F6C-B205EB8D3103}.Debug|x64.ActiveCfg = Debug|Any CPU
		{E5A5F7CA-8FD9-4ED9-9F6C-B205EB8D3103}.Debug|x64.Build.0 = Debug|Any CPU
		{E5A5F7CA-8FD9-4ED9-9F6C-B205EB8D3103}.Debug|x86.ActiveCfg = Debug|Any CPU
		{E5A5F7CA-8FD9-4ED9-9F6C-B205EB8D3103}.Debug|x86.Build.0 = Debug|Any CPU
		{E5A5F7CA-8FD9-4ED9-9F6C-B205EB8D3103}.Release|Any CPU.ActiveCfg = Release|Any CPU
		{E5A5F7CA-8FD9-4ED9-9F6C-B205EB8D3103}.Release|Any CPU.Build.0 = Release|Any CPU
		{E5A5F7CA-8FD9-4ED9-9F6C-B205EB8D3103}.Release|x64.ActiveCfg = Release|Any CPU
		{E5A5F7CA-8FD9-4ED9-9F6C-B205EB8D3103}.Release|x64.Build.0 = Release|Any CPU
		{E5A5F7CA-8FD9-4ED9-9F6C-B205EB8D3103}.Release|x86.ActiveCfg = Release|Any CPU
		{E5A5F7CA-8FD9-4ED9-9F6C-B205EB8D3103}.Release|x86.Build.0 = Release|Any CPU
		{E834D8A3-995C-48B2-966D-A0778C6FD1F5}.Debug|Any CPU.ActiveCfg = Debug|Any CPU
		{E834D8A3-995C-48B2-966D-A0778C6FD1F5}.Debug|Any CPU.Build.0 = Debug|Any CPU
		{E834D8A3-995C-48B2-966D-A0778C6FD1F5}.Debug|x64.ActiveCfg = Debug|Any CPU
		{E834D8A3-995C-48B2-966D-A0778C6FD1F5}.Debug|x64.Build.0 = Debug|Any CPU
		{E834D8A3-995C-48B2-966D-A0778C6FD1F5}.Debug|x86.ActiveCfg = Debug|Any CPU
		{E834D8A3-995C-48B2-966D-A0778C6FD1F5}.Debug|x86.Build.0 = Debug|Any CPU
		{E834D8A3-995C-48B2-966D-A0778C6FD1F5}.Release|Any CPU.ActiveCfg = Release|Any CPU
		{E834D8A3-995C-48B2-966D-A0778C6FD1F5}.Release|Any CPU.Build.0 = Release|Any CPU
		{E834D8A3-995C-48B2-966D-A0778C6FD1F5}.Release|x64.ActiveCfg = Release|Any CPU
		{E834D8A3-995C-48B2-966D-A0778C6FD1F5}.Release|x64.Build.0 = Release|Any CPU
		{E834D8A3-995C-48B2-966D-A0778C6FD1F5}.Release|x86.ActiveCfg = Release|Any CPU
		{E834D8A3-995C-48B2-966D-A0778C6FD1F5}.Release|x86.Build.0 = Release|Any CPU
		{3E074F42-5401-4EF9-B9FD-A9557DFF4C2B}.Debug|Any CPU.ActiveCfg = Debug|Any CPU
		{3E074F42-5401-4EF9-B9FD-A9557DFF4C2B}.Debug|Any CPU.Build.0 = Debug|Any CPU
		{3E074F42-5401-4EF9-B9FD-A9557DFF4C2B}.Debug|x64.ActiveCfg = Debug|Any CPU
		{3E074F42-5401-4EF9-B9FD-A9557DFF4C2B}.Debug|x64.Build.0 = Debug|Any CPU
		{3E074F42-5401-4EF9-B9FD-A9557DFF4C2B}.Debug|x86.ActiveCfg = Debug|Any CPU
		{3E074F42-5401-4EF9-B9FD-A9557DFF4C2B}.Debug|x86.Build.0 = Debug|Any CPU
		{3E074F42-5401-4EF9-B9FD-A9557DFF4C2B}.Release|Any CPU.ActiveCfg = Release|Any CPU
		{3E074F42-5401-4EF9-B9FD-A9557DFF4C2B}.Release|Any CPU.Build.0 = Release|Any CPU
		{3E074F42-5401-4EF9-B9FD-A9557DFF4C2B}.Release|x64.ActiveCfg = Release|Any CPU
		{3E074F42-5401-4EF9-B9FD-A9557DFF4C2B}.Release|x64.Build.0 = Release|Any CPU
		{3E074F42-5401-4EF9-B9FD-A9557DFF4C2B}.Release|x86.ActiveCfg = Release|Any CPU
		{3E074F42-5401-4EF9-B9FD-A9557DFF4C2B}.Release|x86.Build.0 = Release|Any CPU
		{9F879E79-506F-459C-B7CD-795F4DCF5E34}.Debug|Any CPU.ActiveCfg = Debug|Any CPU
		{9F879E79-506F-459C-B7CD-795F4DCF5E34}.Debug|Any CPU.Build.0 = Debug|Any CPU
		{9F879E79-506F-459C-B7CD-795F4DCF5E34}.Debug|x64.ActiveCfg = Debug|Any CPU
		{9F879E79-506F-459C-B7CD-795F4DCF5E34}.Debug|x64.Build.0 = Debug|Any CPU
		{9F879E79-506F-459C-B7CD-795F4DCF5E34}.Debug|x86.ActiveCfg = Debug|Any CPU
		{9F879E79-506F-459C-B7CD-795F4DCF5E34}.Debug|x86.Build.0 = Debug|Any CPU
		{9F879E79-506F-459C-B7CD-795F4DCF5E34}.Release|Any CPU.ActiveCfg = Release|Any CPU
		{9F879E79-506F-459C-B7CD-795F4DCF5E34}.Release|Any CPU.Build.0 = Release|Any CPU
		{9F879E79-506F-459C-B7CD-795F4DCF5E34}.Release|x64.ActiveCfg = Release|Any CPU
		{9F879E79-506F-459C-B7CD-795F4DCF5E34}.Release|x64.Build.0 = Release|Any CPU
		{9F879E79-506F-459C-B7CD-795F4DCF5E34}.Release|x86.ActiveCfg = Release|Any CPU
		{9F879E79-506F-459C-B7CD-795F4DCF5E34}.Release|x86.Build.0 = Release|Any CPU
		{C52D6823-F296-41EF-9F3E-C1673FD8C707}.Debug|Any CPU.ActiveCfg = Debug|Any CPU
		{C52D6823-F296-41EF-9F3E-C1673FD8C707}.Debug|Any CPU.Build.0 = Debug|Any CPU
		{C52D6823-F296-41EF-9F3E-C1673FD8C707}.Debug|x64.ActiveCfg = Debug|Any CPU
		{C52D6823-F296-41EF-9F3E-C1673FD8C707}.Debug|x64.Build.0 = Debug|Any CPU
		{C52D6823-F296-41EF-9F3E-C1673FD8C707}.Debug|x86.ActiveCfg = Debug|Any CPU
		{C52D6823-F296-41EF-9F3E-C1673FD8C707}.Debug|x86.Build.0 = Debug|Any CPU
		{C52D6823-F296-41EF-9F3E-C1673FD8C707}.Release|Any CPU.ActiveCfg = Release|Any CPU
		{C52D6823-F296-41EF-9F3E-C1673FD8C707}.Release|Any CPU.Build.0 = Release|Any CPU
		{C52D6823-F296-41EF-9F3E-C1673FD8C707}.Release|x64.ActiveCfg = Release|Any CPU
		{C52D6823-F296-41EF-9F3E-C1673FD8C707}.Release|x64.Build.0 = Release|Any CPU
		{C52D6823-F296-41EF-9F3E-C1673FD8C707}.Release|x86.ActiveCfg = Release|Any CPU
		{C52D6823-F296-41EF-9F3E-C1673FD8C707}.Release|x86.Build.0 = Release|Any CPU
		{692075DF-DF36-40C8-8D00-901365F6BC48}.Debug|Any CPU.ActiveCfg = Debug|Any CPU
		{692075DF-DF36-40C8-8D00-901365F6BC48}.Debug|Any CPU.Build.0 = Debug|Any CPU
		{692075DF-DF36-40C8-8D00-901365F6BC48}.Debug|x64.ActiveCfg = Debug|Any CPU
		{692075DF-DF36-40C8-8D00-901365F6BC48}.Debug|x64.Build.0 = Debug|Any CPU
		{692075DF-DF36-40C8-8D00-901365F6BC48}.Debug|x86.ActiveCfg = Debug|Any CPU
		{692075DF-DF36-40C8-8D00-901365F6BC48}.Debug|x86.Build.0 = Debug|Any CPU
		{692075DF-DF36-40C8-8D00-901365F6BC48}.Release|Any CPU.ActiveCfg = Release|Any CPU
		{692075DF-DF36-40C8-8D00-901365F6BC48}.Release|Any CPU.Build.0 = Release|Any CPU
		{692075DF-DF36-40C8-8D00-901365F6BC48}.Release|x64.ActiveCfg = Release|Any CPU
		{692075DF-DF36-40C8-8D00-901365F6BC48}.Release|x64.Build.0 = Release|Any CPU
		{692075DF-DF36-40C8-8D00-901365F6BC48}.Release|x86.ActiveCfg = Release|Any CPU
		{692075DF-DF36-40C8-8D00-901365F6BC48}.Release|x86.Build.0 = Release|Any CPU
		{46587776-89DE-43FE-85CF-526DF1B804C3}.Debug|Any CPU.ActiveCfg = Debug|Any CPU
		{46587776-89DE-43FE-85CF-526DF1B804C3}.Debug|Any CPU.Build.0 = Debug|Any CPU
		{46587776-89DE-43FE-85CF-526DF1B804C3}.Debug|x64.ActiveCfg = Debug|Any CPU
		{46587776-89DE-43FE-85CF-526DF1B804C3}.Debug|x64.Build.0 = Debug|Any CPU
		{46587776-89DE-43FE-85CF-526DF1B804C3}.Debug|x86.ActiveCfg = Debug|Any CPU
		{46587776-89DE-43FE-85CF-526DF1B804C3}.Debug|x86.Build.0 = Debug|Any CPU
		{46587776-89DE-43FE-85CF-526DF1B804C3}.Release|Any CPU.ActiveCfg = Release|Any CPU
		{46587776-89DE-43FE-85CF-526DF1B804C3}.Release|Any CPU.Build.0 = Release|Any CPU
		{46587776-89DE-43FE-85CF-526DF1B804C3}.Release|x64.ActiveCfg = Release|Any CPU
		{46587776-89DE-43FE-85CF-526DF1B804C3}.Release|x64.Build.0 = Release|Any CPU
		{46587776-89DE-43FE-85CF-526DF1B804C3}.Release|x86.ActiveCfg = Release|Any CPU
		{46587776-89DE-43FE-85CF-526DF1B804C3}.Release|x86.Build.0 = Release|Any CPU
		{073FDFAC-EA69-4377-9E24-CB1DB2D1F8E4}.Debug|Any CPU.ActiveCfg = Debug|Any CPU
		{073FDFAC-EA69-4377-9E24-CB1DB2D1F8E4}.Debug|Any CPU.Build.0 = Debug|Any CPU
		{073FDFAC-EA69-4377-9E24-CB1DB2D1F8E4}.Debug|x64.ActiveCfg = Debug|Any CPU
		{073FDFAC-EA69-4377-9E24-CB1DB2D1F8E4}.Debug|x64.Build.0 = Debug|Any CPU
		{073FDFAC-EA69-4377-9E24-CB1DB2D1F8E4}.Debug|x86.ActiveCfg = Debug|Any CPU
		{073FDFAC-EA69-4377-9E24-CB1DB2D1F8E4}.Debug|x86.Build.0 = Debug|Any CPU
		{073FDFAC-EA69-4377-9E24-CB1DB2D1F8E4}.Release|Any CPU.ActiveCfg = Release|Any CPU
		{073FDFAC-EA69-4377-9E24-CB1DB2D1F8E4}.Release|Any CPU.Build.0 = Release|Any CPU
		{073FDFAC-EA69-4377-9E24-CB1DB2D1F8E4}.Release|x64.ActiveCfg = Release|Any CPU
		{073FDFAC-EA69-4377-9E24-CB1DB2D1F8E4}.Release|x64.Build.0 = Release|Any CPU
		{073FDFAC-EA69-4377-9E24-CB1DB2D1F8E4}.Release|x86.ActiveCfg = Release|Any CPU
		{073FDFAC-EA69-4377-9E24-CB1DB2D1F8E4}.Release|x86.Build.0 = Release|Any CPU
		{61238626-E984-41F3-B5FA-ADF795B248B0}.Debug|Any CPU.ActiveCfg = Debug|Any CPU
		{61238626-E984-41F3-B5FA-ADF795B248B0}.Debug|Any CPU.Build.0 = Debug|Any CPU
		{61238626-E984-41F3-B5FA-ADF795B248B0}.Debug|x64.ActiveCfg = Debug|Any CPU
		{61238626-E984-41F3-B5FA-ADF795B248B0}.Debug|x64.Build.0 = Debug|Any CPU
		{61238626-E984-41F3-B5FA-ADF795B248B0}.Debug|x86.ActiveCfg = Debug|Any CPU
		{61238626-E984-41F3-B5FA-ADF795B248B0}.Debug|x86.Build.0 = Debug|Any CPU
		{61238626-E984-41F3-B5FA-ADF795B248B0}.Release|Any CPU.ActiveCfg = Release|Any CPU
		{61238626-E984-41F3-B5FA-ADF795B248B0}.Release|Any CPU.Build.0 = Release|Any CPU
		{61238626-E984-41F3-B5FA-ADF795B248B0}.Release|x64.ActiveCfg = Release|Any CPU
		{61238626-E984-41F3-B5FA-ADF795B248B0}.Release|x64.Build.0 = Release|Any CPU
		{61238626-E984-41F3-B5FA-ADF795B248B0}.Release|x86.ActiveCfg = Release|Any CPU
		{61238626-E984-41F3-B5FA-ADF795B248B0}.Release|x86.Build.0 = Release|Any CPU
		{94CB68AD-FF62-4359-86D7-E396BA6C29E3}.Debug|Any CPU.ActiveCfg = Debug|Any CPU
		{94CB68AD-FF62-4359-86D7-E396BA6C29E3}.Debug|Any CPU.Build.0 = Debug|Any CPU
		{94CB68AD-FF62-4359-86D7-E396BA6C29E3}.Debug|x64.ActiveCfg = Debug|Any CPU
		{94CB68AD-FF62-4359-86D7-E396BA6C29E3}.Debug|x64.Build.0 = Debug|Any CPU
		{94CB68AD-FF62-4359-86D7-E396BA6C29E3}.Debug|x86.ActiveCfg = Debug|Any CPU
		{94CB68AD-FF62-4359-86D7-E396BA6C29E3}.Debug|x86.Build.0 = Debug|Any CPU
		{94CB68AD-FF62-4359-86D7-E396BA6C29E3}.Release|Any CPU.ActiveCfg = Release|Any CPU
		{94CB68AD-FF62-4359-86D7-E396BA6C29E3}.Release|Any CPU.Build.0 = Release|Any CPU
		{94CB68AD-FF62-4359-86D7-E396BA6C29E3}.Release|x64.ActiveCfg = Release|Any CPU
		{94CB68AD-FF62-4359-86D7-E396BA6C29E3}.Release|x64.Build.0 = Release|Any CPU
		{94CB68AD-FF62-4359-86D7-E396BA6C29E3}.Release|x86.ActiveCfg = Release|Any CPU
		{94CB68AD-FF62-4359-86D7-E396BA6C29E3}.Release|x86.Build.0 = Release|Any CPU
		{3BC20373-A50F-49FA-86EF-522E3C93BB24}.Debug|Any CPU.ActiveCfg = Debug|Any CPU
		{3BC20373-A50F-49FA-86EF-522E3C93BB24}.Debug|Any CPU.Build.0 = Debug|Any CPU
		{3BC20373-A50F-49FA-86EF-522E3C93BB24}.Debug|x64.ActiveCfg = Debug|Any CPU
		{3BC20373-A50F-49FA-86EF-522E3C93BB24}.Debug|x64.Build.0 = Debug|Any CPU
		{3BC20373-A50F-49FA-86EF-522E3C93BB24}.Debug|x86.ActiveCfg = Debug|Any CPU
		{3BC20373-A50F-49FA-86EF-522E3C93BB24}.Debug|x86.Build.0 = Debug|Any CPU
		{3BC20373-A50F-49FA-86EF-522E3C93BB24}.Release|Any CPU.ActiveCfg = Release|Any CPU
		{3BC20373-A50F-49FA-86EF-522E3C93BB24}.Release|Any CPU.Build.0 = Release|Any CPU
		{3BC20373-A50F-49FA-86EF-522E3C93BB24}.Release|x64.ActiveCfg = Release|Any CPU
		{3BC20373-A50F-49FA-86EF-522E3C93BB24}.Release|x64.Build.0 = Release|Any CPU
		{3BC20373-A50F-49FA-86EF-522E3C93BB24}.Release|x86.ActiveCfg = Release|Any CPU
		{3BC20373-A50F-49FA-86EF-522E3C93BB24}.Release|x86.Build.0 = Release|Any CPU
		{6B4AE74D-E26B-4F59-9AB6-028398408828}.Debug|Any CPU.ActiveCfg = Debug|Any CPU
		{6B4AE74D-E26B-4F59-9AB6-028398408828}.Debug|Any CPU.Build.0 = Debug|Any CPU
		{6B4AE74D-E26B-4F59-9AB6-028398408828}.Debug|x64.ActiveCfg = Debug|Any CPU
		{6B4AE74D-E26B-4F59-9AB6-028398408828}.Debug|x64.Build.0 = Debug|Any CPU
		{6B4AE74D-E26B-4F59-9AB6-028398408828}.Debug|x86.ActiveCfg = Debug|Any CPU
		{6B4AE74D-E26B-4F59-9AB6-028398408828}.Debug|x86.Build.0 = Debug|Any CPU
		{6B4AE74D-E26B-4F59-9AB6-028398408828}.Release|Any CPU.ActiveCfg = Release|Any CPU
		{6B4AE74D-E26B-4F59-9AB6-028398408828}.Release|Any CPU.Build.0 = Release|Any CPU
		{6B4AE74D-E26B-4F59-9AB6-028398408828}.Release|x64.ActiveCfg = Release|Any CPU
		{6B4AE74D-E26B-4F59-9AB6-028398408828}.Release|x64.Build.0 = Release|Any CPU
		{6B4AE74D-E26B-4F59-9AB6-028398408828}.Release|x86.ActiveCfg = Release|Any CPU
		{6B4AE74D-E26B-4F59-9AB6-028398408828}.Release|x86.Build.0 = Release|Any CPU
		{C3F5F4EB-0D48-474B-B51E-DA205702570B}.Debug|Any CPU.ActiveCfg = Debug|Any CPU
		{C3F5F4EB-0D48-474B-B51E-DA205702570B}.Debug|Any CPU.Build.0 = Debug|Any CPU
		{C3F5F4EB-0D48-474B-B51E-DA205702570B}.Debug|x64.ActiveCfg = Debug|Any CPU
		{C3F5F4EB-0D48-474B-B51E-DA205702570B}.Debug|x64.Build.0 = Debug|Any CPU
		{C3F5F4EB-0D48-474B-B51E-DA205702570B}.Debug|x86.ActiveCfg = Debug|Any CPU
		{C3F5F4EB-0D48-474B-B51E-DA205702570B}.Debug|x86.Build.0 = Debug|Any CPU
		{C3F5F4EB-0D48-474B-B51E-DA205702570B}.Release|Any CPU.ActiveCfg = Release|Any CPU
		{C3F5F4EB-0D48-474B-B51E-DA205702570B}.Release|Any CPU.Build.0 = Release|Any CPU
		{C3F5F4EB-0D48-474B-B51E-DA205702570B}.Release|x64.ActiveCfg = Release|Any CPU
		{C3F5F4EB-0D48-474B-B51E-DA205702570B}.Release|x64.Build.0 = Release|Any CPU
		{C3F5F4EB-0D48-474B-B51E-DA205702570B}.Release|x86.ActiveCfg = Release|Any CPU
		{C3F5F4EB-0D48-474B-B51E-DA205702570B}.Release|x86.Build.0 = Release|Any CPU
		{0AB45AA6-1540-4C26-A300-84C90C1F6A0A}.Debug|Any CPU.ActiveCfg = Debug|Any CPU
		{0AB45AA6-1540-4C26-A300-84C90C1F6A0A}.Debug|Any CPU.Build.0 = Debug|Any CPU
		{0AB45AA6-1540-4C26-A300-84C90C1F6A0A}.Debug|x64.ActiveCfg = Debug|Any CPU
		{0AB45AA6-1540-4C26-A300-84C90C1F6A0A}.Debug|x64.Build.0 = Debug|Any CPU
		{0AB45AA6-1540-4C26-A300-84C90C1F6A0A}.Debug|x86.ActiveCfg = Debug|Any CPU
		{0AB45AA6-1540-4C26-A300-84C90C1F6A0A}.Debug|x86.Build.0 = Debug|Any CPU
		{0AB45AA6-1540-4C26-A300-84C90C1F6A0A}.Release|Any CPU.ActiveCfg = Release|Any CPU
		{0AB45AA6-1540-4C26-A300-84C90C1F6A0A}.Release|Any CPU.Build.0 = Release|Any CPU
		{0AB45AA6-1540-4C26-A300-84C90C1F6A0A}.Release|x64.ActiveCfg = Release|Any CPU
		{0AB45AA6-1540-4C26-A300-84C90C1F6A0A}.Release|x64.Build.0 = Release|Any CPU
		{0AB45AA6-1540-4C26-A300-84C90C1F6A0A}.Release|x86.ActiveCfg = Release|Any CPU
		{0AB45AA6-1540-4C26-A300-84C90C1F6A0A}.Release|x86.Build.0 = Release|Any CPU
		{ACA814CE-7C7B-4E48-A37B-491F1E3E12F5}.Debug|Any CPU.ActiveCfg = Debug|Any CPU
		{ACA814CE-7C7B-4E48-A37B-491F1E3E12F5}.Debug|Any CPU.Build.0 = Debug|Any CPU
		{ACA814CE-7C7B-4E48-A37B-491F1E3E12F5}.Debug|x64.ActiveCfg = Debug|Any CPU
		{ACA814CE-7C7B-4E48-A37B-491F1E3E12F5}.Debug|x64.Build.0 = Debug|Any CPU
		{ACA814CE-7C7B-4E48-A37B-491F1E3E12F5}.Debug|x86.ActiveCfg = Debug|Any CPU
		{ACA814CE-7C7B-4E48-A37B-491F1E3E12F5}.Debug|x86.Build.0 = Debug|Any CPU
		{ACA814CE-7C7B-4E48-A37B-491F1E3E12F5}.Release|Any CPU.ActiveCfg = Release|Any CPU
		{ACA814CE-7C7B-4E48-A37B-491F1E3E12F5}.Release|Any CPU.Build.0 = Release|Any CPU
		{ACA814CE-7C7B-4E48-A37B-491F1E3E12F5}.Release|x64.ActiveCfg = Release|Any CPU
		{ACA814CE-7C7B-4E48-A37B-491F1E3E12F5}.Release|x64.Build.0 = Release|Any CPU
		{ACA814CE-7C7B-4E48-A37B-491F1E3E12F5}.Release|x86.ActiveCfg = Release|Any CPU
		{ACA814CE-7C7B-4E48-A37B-491F1E3E12F5}.Release|x86.Build.0 = Release|Any CPU
		{59198F02-A1D6-432B-9185-41F7BCF29460}.Debug|Any CPU.ActiveCfg = Debug|Any CPU
		{59198F02-A1D6-432B-9185-41F7BCF29460}.Debug|Any CPU.Build.0 = Debug|Any CPU
		{59198F02-A1D6-432B-9185-41F7BCF29460}.Debug|x64.ActiveCfg = Debug|Any CPU
		{59198F02-A1D6-432B-9185-41F7BCF29460}.Debug|x64.Build.0 = Debug|Any CPU
		{59198F02-A1D6-432B-9185-41F7BCF29460}.Debug|x86.ActiveCfg = Debug|Any CPU
		{59198F02-A1D6-432B-9185-41F7BCF29460}.Debug|x86.Build.0 = Debug|Any CPU
		{59198F02-A1D6-432B-9185-41F7BCF29460}.Release|Any CPU.ActiveCfg = Release|Any CPU
		{59198F02-A1D6-432B-9185-41F7BCF29460}.Release|Any CPU.Build.0 = Release|Any CPU
		{59198F02-A1D6-432B-9185-41F7BCF29460}.Release|x64.ActiveCfg = Release|Any CPU
		{59198F02-A1D6-432B-9185-41F7BCF29460}.Release|x64.Build.0 = Release|Any CPU
		{59198F02-A1D6-432B-9185-41F7BCF29460}.Release|x86.ActiveCfg = Release|Any CPU
		{59198F02-A1D6-432B-9185-41F7BCF29460}.Release|x86.Build.0 = Release|Any CPU
		{0B52C1A7-0FA0-41D2-B4D0-6EC2FB3FFEC0}.Debug|Any CPU.ActiveCfg = Debug|Any CPU
		{0B52C1A7-0FA0-41D2-B4D0-6EC2FB3FFEC0}.Debug|Any CPU.Build.0 = Debug|Any CPU
		{0B52C1A7-0FA0-41D2-B4D0-6EC2FB3FFEC0}.Debug|x64.ActiveCfg = Debug|Any CPU
		{0B52C1A7-0FA0-41D2-B4D0-6EC2FB3FFEC0}.Debug|x64.Build.0 = Debug|Any CPU
		{0B52C1A7-0FA0-41D2-B4D0-6EC2FB3FFEC0}.Debug|x86.ActiveCfg = Debug|Any CPU
		{0B52C1A7-0FA0-41D2-B4D0-6EC2FB3FFEC0}.Debug|x86.Build.0 = Debug|Any CPU
		{0B52C1A7-0FA0-41D2-B4D0-6EC2FB3FFEC0}.Release|Any CPU.ActiveCfg = Release|Any CPU
		{0B52C1A7-0FA0-41D2-B4D0-6EC2FB3FFEC0}.Release|Any CPU.Build.0 = Release|Any CPU
		{0B52C1A7-0FA0-41D2-B4D0-6EC2FB3FFEC0}.Release|x64.ActiveCfg = Release|Any CPU
		{0B52C1A7-0FA0-41D2-B4D0-6EC2FB3FFEC0}.Release|x64.Build.0 = Release|Any CPU
		{0B52C1A7-0FA0-41D2-B4D0-6EC2FB3FFEC0}.Release|x86.ActiveCfg = Release|Any CPU
		{0B52C1A7-0FA0-41D2-B4D0-6EC2FB3FFEC0}.Release|x86.Build.0 = Release|Any CPU
		{7F99A0F1-6DC1-4D53-9EFA-1AF45B6B591F}.Debug|Any CPU.ActiveCfg = Debug|Any CPU
		{7F99A0F1-6DC1-4D53-9EFA-1AF45B6B591F}.Debug|Any CPU.Build.0 = Debug|Any CPU
		{7F99A0F1-6DC1-4D53-9EFA-1AF45B6B591F}.Debug|x64.ActiveCfg = Debug|Any CPU
		{7F99A0F1-6DC1-4D53-9EFA-1AF45B6B591F}.Debug|x64.Build.0 = Debug|Any CPU
		{7F99A0F1-6DC1-4D53-9EFA-1AF45B6B591F}.Debug|x86.ActiveCfg = Debug|Any CPU
		{7F99A0F1-6DC1-4D53-9EFA-1AF45B6B591F}.Debug|x86.Build.0 = Debug|Any CPU
		{7F99A0F1-6DC1-4D53-9EFA-1AF45B6B591F}.Release|Any CPU.ActiveCfg = Release|Any CPU
		{7F99A0F1-6DC1-4D53-9EFA-1AF45B6B591F}.Release|Any CPU.Build.0 = Release|Any CPU
		{7F99A0F1-6DC1-4D53-9EFA-1AF45B6B591F}.Release|x64.ActiveCfg = Release|Any CPU
		{7F99A0F1-6DC1-4D53-9EFA-1AF45B6B591F}.Release|x64.Build.0 = Release|Any CPU
		{7F99A0F1-6DC1-4D53-9EFA-1AF45B6B591F}.Release|x86.ActiveCfg = Release|Any CPU
		{7F99A0F1-6DC1-4D53-9EFA-1AF45B6B591F}.Release|x86.Build.0 = Release|Any CPU
		{2FE195F2-86D9-40B0-9034-1168BDC66671}.Debug|Any CPU.ActiveCfg = Debug|Any CPU
		{2FE195F2-86D9-40B0-9034-1168BDC66671}.Debug|Any CPU.Build.0 = Debug|Any CPU
		{2FE195F2-86D9-40B0-9034-1168BDC66671}.Debug|x64.ActiveCfg = Debug|Any CPU
		{2FE195F2-86D9-40B0-9034-1168BDC66671}.Debug|x64.Build.0 = Debug|Any CPU
		{2FE195F2-86D9-40B0-9034-1168BDC66671}.Debug|x86.ActiveCfg = Debug|Any CPU
		{2FE195F2-86D9-40B0-9034-1168BDC66671}.Debug|x86.Build.0 = Debug|Any CPU
		{2FE195F2-86D9-40B0-9034-1168BDC66671}.Release|Any CPU.ActiveCfg = Release|Any CPU
		{2FE195F2-86D9-40B0-9034-1168BDC66671}.Release|Any CPU.Build.0 = Release|Any CPU
		{2FE195F2-86D9-40B0-9034-1168BDC66671}.Release|x64.ActiveCfg = Release|Any CPU
		{2FE195F2-86D9-40B0-9034-1168BDC66671}.Release|x64.Build.0 = Release|Any CPU
		{2FE195F2-86D9-40B0-9034-1168BDC66671}.Release|x86.ActiveCfg = Release|Any CPU
		{2FE195F2-86D9-40B0-9034-1168BDC66671}.Release|x86.Build.0 = Release|Any CPU
		{195B9CF2-114B-46C4-A35E-BBFF53E18F1F}.Debug|Any CPU.ActiveCfg = Debug|Any CPU
		{195B9CF2-114B-46C4-A35E-BBFF53E18F1F}.Debug|Any CPU.Build.0 = Debug|Any CPU
		{195B9CF2-114B-46C4-A35E-BBFF53E18F1F}.Debug|x64.ActiveCfg = Debug|Any CPU
		{195B9CF2-114B-46C4-A35E-BBFF53E18F1F}.Debug|x64.Build.0 = Debug|Any CPU
		{195B9CF2-114B-46C4-A35E-BBFF53E18F1F}.Debug|x86.ActiveCfg = Debug|Any CPU
		{195B9CF2-114B-46C4-A35E-BBFF53E18F1F}.Debug|x86.Build.0 = Debug|Any CPU
		{195B9CF2-114B-46C4-A35E-BBFF53E18F1F}.Release|Any CPU.ActiveCfg = Release|Any CPU
		{195B9CF2-114B-46C4-A35E-BBFF53E18F1F}.Release|Any CPU.Build.0 = Release|Any CPU
		{195B9CF2-114B-46C4-A35E-BBFF53E18F1F}.Release|x64.ActiveCfg = Release|Any CPU
		{195B9CF2-114B-46C4-A35E-BBFF53E18F1F}.Release|x64.Build.0 = Release|Any CPU
		{195B9CF2-114B-46C4-A35E-BBFF53E18F1F}.Release|x86.ActiveCfg = Release|Any CPU
		{195B9CF2-114B-46C4-A35E-BBFF53E18F1F}.Release|x86.Build.0 = Release|Any CPU
		{F3DB8B30-84E7-44CE-A181-7A45EA5460AB}.Debug|Any CPU.ActiveCfg = Debug|Any CPU
		{F3DB8B30-84E7-44CE-A181-7A45EA5460AB}.Debug|Any CPU.Build.0 = Debug|Any CPU
		{F3DB8B30-84E7-44CE-A181-7A45EA5460AB}.Debug|x64.ActiveCfg = Debug|Any CPU
		{F3DB8B30-84E7-44CE-A181-7A45EA5460AB}.Debug|x64.Build.0 = Debug|Any CPU
		{F3DB8B30-84E7-44CE-A181-7A45EA5460AB}.Debug|x86.ActiveCfg = Debug|Any CPU
		{F3DB8B30-84E7-44CE-A181-7A45EA5460AB}.Debug|x86.Build.0 = Debug|Any CPU
		{F3DB8B30-84E7-44CE-A181-7A45EA5460AB}.Release|Any CPU.ActiveCfg = Release|Any CPU
		{F3DB8B30-84E7-44CE-A181-7A45EA5460AB}.Release|Any CPU.Build.0 = Release|Any CPU
		{F3DB8B30-84E7-44CE-A181-7A45EA5460AB}.Release|x64.ActiveCfg = Release|Any CPU
		{F3DB8B30-84E7-44CE-A181-7A45EA5460AB}.Release|x64.Build.0 = Release|Any CPU
		{F3DB8B30-84E7-44CE-A181-7A45EA5460AB}.Release|x86.ActiveCfg = Release|Any CPU
		{F3DB8B30-84E7-44CE-A181-7A45EA5460AB}.Release|x86.Build.0 = Release|Any CPU
		{36001891-3833-4DA7-80EA-5A4EEFF342C1}.Debug|Any CPU.ActiveCfg = Debug|Any CPU
		{36001891-3833-4DA7-80EA-5A4EEFF342C1}.Debug|Any CPU.Build.0 = Debug|Any CPU
		{36001891-3833-4DA7-80EA-5A4EEFF342C1}.Debug|x64.ActiveCfg = Debug|Any CPU
		{36001891-3833-4DA7-80EA-5A4EEFF342C1}.Debug|x64.Build.0 = Debug|Any CPU
		{36001891-3833-4DA7-80EA-5A4EEFF342C1}.Debug|x86.ActiveCfg = Debug|Any CPU
		{36001891-3833-4DA7-80EA-5A4EEFF342C1}.Debug|x86.Build.0 = Debug|Any CPU
		{36001891-3833-4DA7-80EA-5A4EEFF342C1}.Release|Any CPU.ActiveCfg = Release|Any CPU
		{36001891-3833-4DA7-80EA-5A4EEFF342C1}.Release|Any CPU.Build.0 = Release|Any CPU
		{36001891-3833-4DA7-80EA-5A4EEFF342C1}.Release|x64.ActiveCfg = Release|Any CPU
		{36001891-3833-4DA7-80EA-5A4EEFF342C1}.Release|x64.Build.0 = Release|Any CPU
		{36001891-3833-4DA7-80EA-5A4EEFF342C1}.Release|x86.ActiveCfg = Release|Any CPU
		{36001891-3833-4DA7-80EA-5A4EEFF342C1}.Release|x86.Build.0 = Release|Any CPU
		{37C51677-37A1-4F40-93DE-1EADE6758B3D}.Debug|Any CPU.ActiveCfg = Debug|Any CPU
		{37C51677-37A1-4F40-93DE-1EADE6758B3D}.Debug|Any CPU.Build.0 = Debug|Any CPU
		{37C51677-37A1-4F40-93DE-1EADE6758B3D}.Debug|x64.ActiveCfg = Debug|Any CPU
		{37C51677-37A1-4F40-93DE-1EADE6758B3D}.Debug|x64.Build.0 = Debug|Any CPU
		{37C51677-37A1-4F40-93DE-1EADE6758B3D}.Debug|x86.ActiveCfg = Debug|Any CPU
		{37C51677-37A1-4F40-93DE-1EADE6758B3D}.Debug|x86.Build.0 = Debug|Any CPU
		{37C51677-37A1-4F40-93DE-1EADE6758B3D}.Release|Any CPU.ActiveCfg = Release|Any CPU
		{37C51677-37A1-4F40-93DE-1EADE6758B3D}.Release|Any CPU.Build.0 = Release|Any CPU
		{37C51677-37A1-4F40-93DE-1EADE6758B3D}.Release|x64.ActiveCfg = Release|Any CPU
		{37C51677-37A1-4F40-93DE-1EADE6758B3D}.Release|x64.Build.0 = Release|Any CPU
		{37C51677-37A1-4F40-93DE-1EADE6758B3D}.Release|x86.ActiveCfg = Release|Any CPU
		{37C51677-37A1-4F40-93DE-1EADE6758B3D}.Release|x86.Build.0 = Release|Any CPU
		{481BBC7B-D6E0-4656-8AC1-70945DC9E6FC}.Debug|Any CPU.ActiveCfg = Debug|Any CPU
		{481BBC7B-D6E0-4656-8AC1-70945DC9E6FC}.Debug|Any CPU.Build.0 = Debug|Any CPU
		{481BBC7B-D6E0-4656-8AC1-70945DC9E6FC}.Debug|x64.ActiveCfg = Debug|Any CPU
		{481BBC7B-D6E0-4656-8AC1-70945DC9E6FC}.Debug|x64.Build.0 = Debug|Any CPU
		{481BBC7B-D6E0-4656-8AC1-70945DC9E6FC}.Debug|x86.ActiveCfg = Debug|Any CPU
		{481BBC7B-D6E0-4656-8AC1-70945DC9E6FC}.Debug|x86.Build.0 = Debug|Any CPU
		{481BBC7B-D6E0-4656-8AC1-70945DC9E6FC}.Release|Any CPU.ActiveCfg = Release|Any CPU
		{481BBC7B-D6E0-4656-8AC1-70945DC9E6FC}.Release|Any CPU.Build.0 = Release|Any CPU
		{481BBC7B-D6E0-4656-8AC1-70945DC9E6FC}.Release|x64.ActiveCfg = Release|Any CPU
		{481BBC7B-D6E0-4656-8AC1-70945DC9E6FC}.Release|x64.Build.0 = Release|Any CPU
		{481BBC7B-D6E0-4656-8AC1-70945DC9E6FC}.Release|x86.ActiveCfg = Release|Any CPU
		{481BBC7B-D6E0-4656-8AC1-70945DC9E6FC}.Release|x86.Build.0 = Release|Any CPU
		{26EF93AD-92E9-4342-A018-1C374D24A1BF}.Debug|Any CPU.ActiveCfg = Debug|Any CPU
		{26EF93AD-92E9-4342-A018-1C374D24A1BF}.Debug|Any CPU.Build.0 = Debug|Any CPU
		{26EF93AD-92E9-4342-A018-1C374D24A1BF}.Debug|x64.ActiveCfg = Debug|Any CPU
		{26EF93AD-92E9-4342-A018-1C374D24A1BF}.Debug|x64.Build.0 = Debug|Any CPU
		{26EF93AD-92E9-4342-A018-1C374D24A1BF}.Debug|x86.ActiveCfg = Debug|Any CPU
		{26EF93AD-92E9-4342-A018-1C374D24A1BF}.Debug|x86.Build.0 = Debug|Any CPU
		{26EF93AD-92E9-4342-A018-1C374D24A1BF}.Release|Any CPU.ActiveCfg = Release|Any CPU
		{26EF93AD-92E9-4342-A018-1C374D24A1BF}.Release|Any CPU.Build.0 = Release|Any CPU
		{26EF93AD-92E9-4342-A018-1C374D24A1BF}.Release|x64.ActiveCfg = Release|Any CPU
		{26EF93AD-92E9-4342-A018-1C374D24A1BF}.Release|x64.Build.0 = Release|Any CPU
		{26EF93AD-92E9-4342-A018-1C374D24A1BF}.Release|x86.ActiveCfg = Release|Any CPU
		{26EF93AD-92E9-4342-A018-1C374D24A1BF}.Release|x86.Build.0 = Release|Any CPU
		{D87CEC2F-4B19-4697-A125-A1D3B75E50EA}.Debug|Any CPU.ActiveCfg = Debug|Any CPU
		{D87CEC2F-4B19-4697-A125-A1D3B75E50EA}.Debug|Any CPU.Build.0 = Debug|Any CPU
		{D87CEC2F-4B19-4697-A125-A1D3B75E50EA}.Debug|x64.ActiveCfg = Debug|Any CPU
		{D87CEC2F-4B19-4697-A125-A1D3B75E50EA}.Debug|x64.Build.0 = Debug|Any CPU
		{D87CEC2F-4B19-4697-A125-A1D3B75E50EA}.Debug|x86.ActiveCfg = Debug|Any CPU
		{D87CEC2F-4B19-4697-A125-A1D3B75E50EA}.Debug|x86.Build.0 = Debug|Any CPU
		{D87CEC2F-4B19-4697-A125-A1D3B75E50EA}.Release|Any CPU.ActiveCfg = Release|Any CPU
		{D87CEC2F-4B19-4697-A125-A1D3B75E50EA}.Release|Any CPU.Build.0 = Release|Any CPU
		{D87CEC2F-4B19-4697-A125-A1D3B75E50EA}.Release|x64.ActiveCfg = Release|Any CPU
		{D87CEC2F-4B19-4697-A125-A1D3B75E50EA}.Release|x64.Build.0 = Release|Any CPU
		{D87CEC2F-4B19-4697-A125-A1D3B75E50EA}.Release|x86.ActiveCfg = Release|Any CPU
		{D87CEC2F-4B19-4697-A125-A1D3B75E50EA}.Release|x86.Build.0 = Release|Any CPU
		{D050CCAE-1F40-41DE-A30B-F90EB72CBBF9}.Debug|Any CPU.ActiveCfg = Debug|Any CPU
		{D050CCAE-1F40-41DE-A30B-F90EB72CBBF9}.Debug|Any CPU.Build.0 = Debug|Any CPU
		{D050CCAE-1F40-41DE-A30B-F90EB72CBBF9}.Debug|x64.ActiveCfg = Debug|Any CPU
		{D050CCAE-1F40-41DE-A30B-F90EB72CBBF9}.Debug|x64.Build.0 = Debug|Any CPU
		{D050CCAE-1F40-41DE-A30B-F90EB72CBBF9}.Debug|x86.ActiveCfg = Debug|Any CPU
		{D050CCAE-1F40-41DE-A30B-F90EB72CBBF9}.Debug|x86.Build.0 = Debug|Any CPU
		{D050CCAE-1F40-41DE-A30B-F90EB72CBBF9}.Release|Any CPU.ActiveCfg = Release|Any CPU
		{D050CCAE-1F40-41DE-A30B-F90EB72CBBF9}.Release|Any CPU.Build.0 = Release|Any CPU
		{D050CCAE-1F40-41DE-A30B-F90EB72CBBF9}.Release|x64.ActiveCfg = Release|Any CPU
		{D050CCAE-1F40-41DE-A30B-F90EB72CBBF9}.Release|x64.Build.0 = Release|Any CPU
		{D050CCAE-1F40-41DE-A30B-F90EB72CBBF9}.Release|x86.ActiveCfg = Release|Any CPU
		{D050CCAE-1F40-41DE-A30B-F90EB72CBBF9}.Release|x86.Build.0 = Release|Any CPU
		{0CD42457-9ACA-4C2F-9167-CED2F3430035}.Debug|Any CPU.ActiveCfg = Debug|Any CPU
		{0CD42457-9ACA-4C2F-9167-CED2F3430035}.Debug|Any CPU.Build.0 = Debug|Any CPU
		{0CD42457-9ACA-4C2F-9167-CED2F3430035}.Debug|x64.ActiveCfg = Debug|Any CPU
		{0CD42457-9ACA-4C2F-9167-CED2F3430035}.Debug|x64.Build.0 = Debug|Any CPU
		{0CD42457-9ACA-4C2F-9167-CED2F3430035}.Debug|x86.ActiveCfg = Debug|Any CPU
		{0CD42457-9ACA-4C2F-9167-CED2F3430035}.Debug|x86.Build.0 = Debug|Any CPU
		{0CD42457-9ACA-4C2F-9167-CED2F3430035}.Release|Any CPU.ActiveCfg = Release|Any CPU
		{0CD42457-9ACA-4C2F-9167-CED2F3430035}.Release|Any CPU.Build.0 = Release|Any CPU
		{0CD42457-9ACA-4C2F-9167-CED2F3430035}.Release|x64.ActiveCfg = Release|Any CPU
		{0CD42457-9ACA-4C2F-9167-CED2F3430035}.Release|x64.Build.0 = Release|Any CPU
		{0CD42457-9ACA-4C2F-9167-CED2F3430035}.Release|x86.ActiveCfg = Release|Any CPU
		{0CD42457-9ACA-4C2F-9167-CED2F3430035}.Release|x86.Build.0 = Release|Any CPU
		{4FB2D5DF-4353-4EA3-A4FC-752A1FD9E292}.Debug|Any CPU.ActiveCfg = Debug|Any CPU
		{4FB2D5DF-4353-4EA3-A4FC-752A1FD9E292}.Debug|Any CPU.Build.0 = Debug|Any CPU
		{4FB2D5DF-4353-4EA3-A4FC-752A1FD9E292}.Debug|x64.ActiveCfg = Debug|Any CPU
		{4FB2D5DF-4353-4EA3-A4FC-752A1FD9E292}.Debug|x64.Build.0 = Debug|Any CPU
		{4FB2D5DF-4353-4EA3-A4FC-752A1FD9E292}.Debug|x86.ActiveCfg = Debug|Any CPU
		{4FB2D5DF-4353-4EA3-A4FC-752A1FD9E292}.Debug|x86.Build.0 = Debug|Any CPU
		{4FB2D5DF-4353-4EA3-A4FC-752A1FD9E292}.Release|Any CPU.ActiveCfg = Release|Any CPU
		{4FB2D5DF-4353-4EA3-A4FC-752A1FD9E292}.Release|Any CPU.Build.0 = Release|Any CPU
		{4FB2D5DF-4353-4EA3-A4FC-752A1FD9E292}.Release|x64.ActiveCfg = Release|Any CPU
		{4FB2D5DF-4353-4EA3-A4FC-752A1FD9E292}.Release|x64.Build.0 = Release|Any CPU
		{4FB2D5DF-4353-4EA3-A4FC-752A1FD9E292}.Release|x86.ActiveCfg = Release|Any CPU
		{4FB2D5DF-4353-4EA3-A4FC-752A1FD9E292}.Release|x86.Build.0 = Release|Any CPU
		{CCF5245D-FEF1-4ED5-8EB0-83A767C98A0D}.Debug|Any CPU.ActiveCfg = Debug|Any CPU
		{CCF5245D-FEF1-4ED5-8EB0-83A767C98A0D}.Debug|Any CPU.Build.0 = Debug|Any CPU
		{CCF5245D-FEF1-4ED5-8EB0-83A767C98A0D}.Debug|x64.ActiveCfg = Debug|Any CPU
		{CCF5245D-FEF1-4ED5-8EB0-83A767C98A0D}.Debug|x64.Build.0 = Debug|Any CPU
		{CCF5245D-FEF1-4ED5-8EB0-83A767C98A0D}.Debug|x86.ActiveCfg = Debug|Any CPU
		{CCF5245D-FEF1-4ED5-8EB0-83A767C98A0D}.Debug|x86.Build.0 = Debug|Any CPU
		{CCF5245D-FEF1-4ED5-8EB0-83A767C98A0D}.Release|Any CPU.ActiveCfg = Release|Any CPU
		{CCF5245D-FEF1-4ED5-8EB0-83A767C98A0D}.Release|Any CPU.Build.0 = Release|Any CPU
		{CCF5245D-FEF1-4ED5-8EB0-83A767C98A0D}.Release|x64.ActiveCfg = Release|Any CPU
		{CCF5245D-FEF1-4ED5-8EB0-83A767C98A0D}.Release|x64.Build.0 = Release|Any CPU
		{CCF5245D-FEF1-4ED5-8EB0-83A767C98A0D}.Release|x86.ActiveCfg = Release|Any CPU
		{CCF5245D-FEF1-4ED5-8EB0-83A767C98A0D}.Release|x86.Build.0 = Release|Any CPU
	EndGlobalSection
	GlobalSection(SolutionProperties) = preSolution
		HideSolutionNode = FALSE
	EndGlobalSection
	GlobalSection(NestedProjects) = preSolution
		{09336C52-4F75-44EB-A25A-25ECF64FC5B3} = {F3B80ED1-2487-42CB-8677-974159422581}
		{83981CAE-ED1B-4D56-9B81-C19BC5ABB254} = {F3B80ED1-2487-42CB-8677-974159422581}
		{2BE2C81E-26DD-49FA-ADFF-8B44C0849CA6} = {9EB1E53A-2056-40D8-898E-3B2060D4E1A2}
		{0B0D8DBE-7F52-47D1-B82A-79F6A55FAE7D} = {9EB1E53A-2056-40D8-898E-3B2060D4E1A2}
		{7C6EED1B-887B-469C-8BEA-8B03E812833D} = {9EB1E53A-2056-40D8-898E-3B2060D4E1A2}
		{104BE2FA-53E6-4D8B-A9D3-1E6F128B30D3} = {9EB1E53A-2056-40D8-898E-3B2060D4E1A2}
		{C2CF289B-A04D-4D37-9D82-478E3A0587EA} = {9EB1E53A-2056-40D8-898E-3B2060D4E1A2}
		{9A04CA77-CE5B-47B9-9F9E-0EABADAE61B7} = {F3B80ED1-2487-42CB-8677-974159422581}
		{32E4ADA3-A8DC-4279-A68B-2D915028D18F} = {F3B80ED1-2487-42CB-8677-974159422581}
		{7C91C859-A482-45E8-BF40-0880C71D3F6C} = {F3B80ED1-2487-42CB-8677-974159422581}
		{414D90B8-8B09-47F1-BBD7-CE0148D256E9} = {F3B80ED1-2487-42CB-8677-974159422581}
		{B92BB662-137B-4B52-AF89-DF1C3F8927EF} = {F3B80ED1-2487-42CB-8677-974159422581}
		{E9C7E943-E4E0-4F87-A770-26CB6A0EEA50} = {F3B80ED1-2487-42CB-8677-974159422581}
		{9AE878FC-84C8-47F5-A431-8B488365D130} = {F3B80ED1-2487-42CB-8677-974159422581}
		{C9A86D98-C6B2-41F2-9E49-8CAA77C5D6A5} = {F3B80ED1-2487-42CB-8677-974159422581}
		{09BD475A-094A-4305-9A88-0EB97F42D4D2} = {F3B80ED1-2487-42CB-8677-974159422581}
		{38EB1EB7-2B73-4EF8-9ABF-4A8888A86E45} = {F3B80ED1-2487-42CB-8677-974159422581}
		{40E53775-C514-484A-B82F-E3834798BB62} = {F3B80ED1-2487-42CB-8677-974159422581}
		{E5A5F7CA-8FD9-4ED9-9F6C-B205EB8D3103} = {F3B80ED1-2487-42CB-8677-974159422581}
		{E834D8A3-995C-48B2-966D-A0778C6FD1F5} = {9EB1E53A-2056-40D8-898E-3B2060D4E1A2}
		{3E074F42-5401-4EF9-B9FD-A9557DFF4C2B} = {9EB1E53A-2056-40D8-898E-3B2060D4E1A2}
		{9F879E79-506F-459C-B7CD-795F4DCF5E34} = {9EB1E53A-2056-40D8-898E-3B2060D4E1A2}
		{C52D6823-F296-41EF-9F3E-C1673FD8C707} = {9EB1E53A-2056-40D8-898E-3B2060D4E1A2}
		{692075DF-DF36-40C8-8D00-901365F6BC48} = {9EB1E53A-2056-40D8-898E-3B2060D4E1A2}
		{46587776-89DE-43FE-85CF-526DF1B804C3} = {9EB1E53A-2056-40D8-898E-3B2060D4E1A2}
		{073FDFAC-EA69-4377-9E24-CB1DB2D1F8E4} = {F3B80ED1-2487-42CB-8677-974159422581}
		{61238626-E984-41F3-B5FA-ADF795B248B0} = {F3B80ED1-2487-42CB-8677-974159422581}
		{94CB68AD-FF62-4359-86D7-E396BA6C29E3} = {9EB1E53A-2056-40D8-898E-3B2060D4E1A2}
		{3BC20373-A50F-49FA-86EF-522E3C93BB24} = {9EB1E53A-2056-40D8-898E-3B2060D4E1A2}
		{6B4AE74D-E26B-4F59-9AB6-028398408828} = {9EB1E53A-2056-40D8-898E-3B2060D4E1A2}
		{C3F5F4EB-0D48-474B-B51E-DA205702570B} = {4F7417DF-069D-49D8-85A2-527A4BA48966}
		{0AB45AA6-1540-4C26-A300-84C90C1F6A0A} = {4F7417DF-069D-49D8-85A2-527A4BA48966}
		{ACA814CE-7C7B-4E48-A37B-491F1E3E12F5} = {4F7417DF-069D-49D8-85A2-527A4BA48966}
		{59198F02-A1D6-432B-9185-41F7BCF29460} = {4F7417DF-069D-49D8-85A2-527A4BA48966}
		{0B52C1A7-0FA0-41D2-B4D0-6EC2FB3FFEC0} = {4F7417DF-069D-49D8-85A2-527A4BA48966}
		{7F99A0F1-6DC1-4D53-9EFA-1AF45B6B591F} = {4F7417DF-069D-49D8-85A2-527A4BA48966}
		{2FE195F2-86D9-40B0-9034-1168BDC66671} = {4F7417DF-069D-49D8-85A2-527A4BA48966}
		{195B9CF2-114B-46C4-A35E-BBFF53E18F1F} = {4F7417DF-069D-49D8-85A2-527A4BA48966}
		{F3DB8B30-84E7-44CE-A181-7A45EA5460AB} = {4F7417DF-069D-49D8-85A2-527A4BA48966}
		{36001891-3833-4DA7-80EA-5A4EEFF342C1} = {4F7417DF-069D-49D8-85A2-527A4BA48966}
		{37C51677-37A1-4F40-93DE-1EADE6758B3D} = {9EB1E53A-2056-40D8-898E-3B2060D4E1A2}
		{481BBC7B-D6E0-4656-8AC1-70945DC9E6FC} = {9EB1E53A-2056-40D8-898E-3B2060D4E1A2}
		{26EF93AD-92E9-4342-A018-1C374D24A1BF} = {4F7417DF-069D-49D8-85A2-527A4BA48966}
		{D87CEC2F-4B19-4697-A125-A1D3B75E50EA} = {9EB1E53A-2056-40D8-898E-3B2060D4E1A2}
		{D050CCAE-1F40-41DE-A30B-F90EB72CBBF9} = {9EB1E53A-2056-40D8-898E-3B2060D4E1A2}
		{0CD42457-9ACA-4C2F-9167-CED2F3430035} = {4F7417DF-069D-49D8-85A2-527A4BA48966}
		{4FB2D5DF-4353-4EA3-A4FC-752A1FD9E292} = {4F7417DF-069D-49D8-85A2-527A4BA48966}
		{CCF5245D-FEF1-4ED5-8EB0-83A767C98A0D} = {9EB1E53A-2056-40D8-898E-3B2060D4E1A2}
	EndGlobalSection
	GlobalSection(ExtensibilityGlobals) = postSolution
		SolutionGuid = {FB5F4C1B-2CFB-40E0-B0D9-7D6B7E55854F}
	EndGlobalSection
EndGlobal
