
Microsoft Visual Studio Solution File, Format Version 12.00
# Visual Studio Version 17
VisualStudioVersion = 17.3.32819.101
MinimumVisualStudioVersion = 10.0.40219.1
Project("{FAE04EC0-301F-11D3-BF4B-00C04F79EFBC}") = "Relembrando", "Relembrando\Relembrando.csproj", "{EC5A79D0-F9FD-483B-A1E3-A8156986A0F6}"
EndProject
Project("{FAE04EC0-301F-11D3-BF4B-00C04F79EFBC}") = "Funcionario", "Funcionario\Funcionario.csproj", "{37E07146-59B4-42A7-9519-687B475EE728}"
EndProject
Global
	GlobalSection(SolutionConfigurationPlatforms) = preSolution
		Debug|Any CPU = Debug|Any CPU
		Release|Any CPU = Release|Any CPU
	EndGlobalSection
	GlobalSection(ProjectConfigurationPlatforms) = postSolution
		{EC5A79D0-F9FD-483B-A1E3-A8156986A0F6}.Debug|Any CPU.ActiveCfg = Debug|Any CPU
		{EC5A79D0-F9FD-483B-A1E3-A8156986A0F6}.Debug|Any CPU.Build.0 = Debug|Any CPU
		{EC5A79D0-F9FD-483B-A1E3-A8156986A0F6}.Release|Any CPU.ActiveCfg = Release|Any CPU
		{EC5A79D0-F9FD-483B-A1E3-A8156986A0F6}.Release|Any CPU.Build.0 = Release|Any CPU
		{37E07146-59B4-42A7-9519-687B475EE728}.Debug|Any CPU.ActiveCfg = Debug|Any CPU
		{37E07146-59B4-42A7-9519-687B475EE728}.Debug|Any CPU.Build.0 = Debug|Any CPU
		{37E07146-59B4-42A7-9519-687B475EE728}.Release|Any CPU.ActiveCfg = Release|Any CPU
		{37E07146-59B4-42A7-9519-687B475EE728}.Release|Any CPU.Build.0 = Release|Any CPU
	EndGlobalSection
	GlobalSection(SolutionProperties) = preSolution
		HideSolutionNode = FALSE
	EndGlobalSection
	GlobalSection(ExtensibilityGlobals) = postSolution
		SolutionGuid = {AE0A783F-963F-4295-BA44-C26F42E80E32}
	EndGlobalSection
EndGlobal
